
Microsoft Visual Studio Solution File, Format Version 12.00
# Visual Studio Version 17
VisualStudioVersion = 17.0.31903.59
MinimumVisualStudioVersion = 10.0.40219.1
Project("{2150E333-8FDC-42A3-9474-1A3956D46DE8}") = "src", "src", "{827E0CD3-B72D-47B6-A68D-7590B98EB39B}"
EndProject
Project("{2150E333-8FDC-42A3-9474-1A3956D46DE8}") = "backend", "backend", "{FE360695-3F2B-1049-3887-35FBB5135923}"
EndProject
Project("{2150E333-8FDC-42A3-9474-1A3956D46DE8}") = "ApiGateway", "ApiGateway", "{218C710A-5306-0BC7-3CFC-7649EABD5718}"
EndProject
Project("{FAE04EC0-301F-11D3-BF4B-00C04F79EFBC}") = "GRD.SpChn.ApiGateway", "src\backend\ApiGateway\GRD.SpChn.ApiGateway\GRD.SpChn.ApiGateway.csproj", "{F98E777E-600D-4F44-91D2-1D99E64CC960}"
EndProject
Project("{2150E333-8FDC-42A3-9474-1A3956D46DE8}") = "BuildingBlocks", "BuildingBlocks", "{1F27AE91-AB80-590E-03BE-DC8A6BA540DD}"
EndProject
Project("{FAE04EC0-301F-11D3-BF4B-00C04F79EFBC}") = "GRD.SpChn.Contracts", "src\backend\BuildingBlocks\GRD.SpChn.Contracts\GRD.SpChn.Contracts.csproj", "{5240F532-8401-4CA1-8919-6B0732471F77}"
EndProject
Project("{FAE04EC0-301F-11D3-BF4B-00C04F79EFBC}") = "GRD.SpChn.EventBus.Abstractions", "src\backend\BuildingBlocks\GRD.SpChn.EventBus.Abstractions\GRD.SpChn.EventBus.Abstractions.csproj", "{D5ECBEB4-8C8F-4426-8FFB-78523DF7F697}"
EndProject
Project("{FAE04EC0-301F-11D3-BF4B-00C04F79EFBC}") = "GRD.SpChn.EventBus.RabbitMQ", "src\backend\BuildingBlocks\GRD.SpChn.EventBus.RabbitMQ\GRD.SpChn.EventBus.RabbitMQ.csproj", "{3F260391-91F3-4FBC-8746-D9ACB29C5406}"
EndProject
Project("{FAE04EC0-301F-11D3-BF4B-00C04F79EFBC}") = "GRD.SpChn.Observability", "src\backend\BuildingBlocks\GRD.SpChn.Observability\GRD.SpChn.Observability.csproj", "{E2298023-C637-4728-AC81-EA32949EBB36}"
EndProject
Project("{FAE04EC0-301F-11D3-BF4B-00C04F79EFBC}") = "GRD.SpChn.SharedKernel", "src\backend\BuildingBlocks\GRD.SpChn.SharedKernel\GRD.SpChn.SharedKernel.csproj", "{F37BFD73-F267-4D4D-9D40-F30A482CF00F}"
EndProject
Project("{2150E333-8FDC-42A3-9474-1A3956D46DE8}") = "Services", "Services", "{EA8B51A1-2815-D7EB-83DD-84035FEA831A}"
EndProject
Project("{2150E333-8FDC-42A3-9474-1A3956D46DE8}") = "Delivery", "Delivery", "{96195CCB-336C-2DCD-46B6-3C313F5BEBD5}"
EndProject
Project("{FAE04EC0-301F-11D3-BF4B-00C04F79EFBC}") = "GRD.SpChn.Delivery.Api", "src\backend\Services\Delivery\GRD.SpChn.Delivery.Api\GRD.SpChn.Delivery.Api.csproj", "{A02DB79A-BFBB-480E-B81A-14D46F71DB5B}"
EndProject
Project("{FAE04EC0-301F-11D3-BF4B-00C04F79EFBC}") = "GRD.SpChn.Delivery.Application", "src\backend\Services\Delivery\GRD.SpChn.Delivery.Application\GRD.SpChn.Delivery.Application.csproj", "{365E0361-BC9B-4584-AD38-E53C880D6365}"
EndProject
Project("{FAE04EC0-301F-11D3-BF4B-00C04F79EFBC}") = "GRD.SpChn.Delivery.Domain", "src\backend\Services\Delivery\GRD.SpChn.Delivery.Domain\GRD.SpChn.Delivery.Domain.csproj", "{92ADDECB-0692-4140-8E98-A260AAF1CD53}"
EndProject
Project("{FAE04EC0-301F-11D3-BF4B-00C04F79EFBC}") = "GRD.SpChn.Delivery.Infrastructure", "src\backend\Services\Delivery\GRD.SpChn.Delivery.Infrastructure\GRD.SpChn.Delivery.Infrastructure.csproj", "{282D6BB3-5FFF-4AF4-B7C5-A9B70B06BD2A}"
EndProject
Project("{2150E333-8FDC-42A3-9474-1A3956D46DE8}") = "Identity", "Identity", "{7AAC126F-7D8C-0C9B-7132-49DC917E56DB}"
EndProject
Project("{FAE04EC0-301F-11D3-BF4B-00C04F79EFBC}") = "GRD.SpChn.Identity.Api", "src\backend\Services\Identity\GRD.SpChn.Identity.Api\GRD.SpChn.Identity.Api.csproj", "{835F2FB1-FE39-45E5-B246-D10ADCA8CB70}"
EndProject
Project("{FAE04EC0-301F-11D3-BF4B-00C04F79EFBC}") = "GRD.SpChn.Identity.Application", "src\backend\Services\Identity\GRD.SpChn.Identity.Application\GRD.SpChn.Identity.Application.csproj", "{7C7377D3-7B3D-42D2-908D-690180EBDC12}"
EndProject
Project("{FAE04EC0-301F-11D3-BF4B-00C04F79EFBC}") = "GRD.SpChn.Identity.Domain", "src\backend\Services\Identity\GRD.SpChn.Identity.Domain\GRD.SpChn.Identity.Domain.csproj", "{41699FE9-20AF-4164-B1B7-16A342692232}"
EndProject
Project("{FAE04EC0-301F-11D3-BF4B-00C04F79EFBC}") = "GRD.SpChn.Identity.Infrastructure", "src\backend\Services\Identity\GRD.SpChn.Identity.Infrastructure\GRD.SpChn.Identity.Infrastructure.csproj", "{E3FF0299-496F-4B74-9FEB-2FF566707967}"
EndProject
Project("{2150E333-8FDC-42A3-9474-1A3956D46DE8}") = "Inventory", "Inventory", "{23E4A77E-F79A-1C66-CC95-6E115BCA2774}"
EndProject
Project("{FAE04EC0-301F-11D3-BF4B-00C04F79EFBC}") = "GRD.SpChn.Inventory.Api", "src\backend\Services\Inventory\GRD.SpChn.Inventory.Api\GRD.SpChn.Inventory.Api.csproj", "{FE887DFC-A3D6-4E15-B9CD-2EAD247E9380}"
EndProject
Project("{FAE04EC0-301F-11D3-BF4B-00C04F79EFBC}") = "GRD.SpChn.Inventory.Application", "src\backend\Services\Inventory\GRD.SpChn.Inventory.Application\GRD.SpChn.Inventory.Application.csproj", "{A6ADC449-2214-4F27-B63D-9047630165FD}"
EndProject
Project("{FAE04EC0-301F-11D3-BF4B-00C04F79EFBC}") = "GRD.SpChn.Inventory.Domain", "src\backend\Services\Inventory\GRD.SpChn.Inventory.Domain\GRD.SpChn.Inventory.Domain.csproj", "{30097E91-205C-4C3F-87D6-8FDB7569B3C3}"
EndProject
Project("{FAE04EC0-301F-11D3-BF4B-00C04F79EFBC}") = "GRD.SpChn.Inventory.Infrastructure", "src\backend\Services\Inventory\GRD.SpChn.Inventory.Infrastructure\GRD.SpChn.Inventory.Infrastructure.csproj", "{A671736B-F16E-48D0-A0E1-6775CA3AD2A9}"
EndProject
Project("{2150E333-8FDC-42A3-9474-1A3956D46DE8}") = "Notifications", "Notifications", "{FB4841C9-4E2F-C05E-3355-DAA1ADF0040C}"
EndProject
Project("{FAE04EC0-301F-11D3-BF4B-00C04F79EFBC}") = "GRD.SpChn.Notifications.Api", "src\backend\Services\Notifications\GRD.SpChn.Notifications.Api\GRD.SpChn.Notifications.Api.csproj", "{74C10F33-43AF-4DC9-8761-A270C45F8B8A}"
EndProject
Project("{FAE04EC0-301F-11D3-BF4B-00C04F79EFBC}") = "GRD.SpChn.Notifications.Application", "src\backend\Services\Notifications\GRD.SpChn.Notifications.Application\GRD.SpChn.Notifications.Application.csproj", "{255F9F7A-D3C7-480A-8557-A7AA0C55F452}"
EndProject
Project("{FAE04EC0-301F-11D3-BF4B-00C04F79EFBC}") = "GRD.SpChn.Notifications.Domain", "src\backend\Services\Notifications\GRD.SpChn.Notifications.Domain\GRD.SpChn.Notifications.Domain.csproj", "{EF6D103D-B056-408B-B73A-2ACD6E2C7CBC}"
EndProject
Project("{FAE04EC0-301F-11D3-BF4B-00C04F79EFBC}") = "GRD.SpChn.Notifications.Infrastructure", "src\backend\Services\Notifications\GRD.SpChn.Notifications.Infrastructure\GRD.SpChn.Notifications.Infrastructure.csproj", "{94CEA958-9268-484C-ACA7-807D7D1FE544}"
EndProject
Project("{2150E333-8FDC-42A3-9474-1A3956D46DE8}") = "OrderManagement", "OrderManagement", "{73F32F50-2ADF-ADB5-817F-808075156E95}"
EndProject
Project("{FAE04EC0-301F-11D3-BF4B-00C04F79EFBC}") = "GRD.SpChn.OrderManagement.Api", "src\backend\Services\OrderManagement\GRD.SpChn.OrderManagement.Api\GRD.SpChn.OrderManagement.Api.csproj", "{4A8C49BC-BD81-4A22-B132-8555A6BAAC8C}"
EndProject
Project("{FAE04EC0-301F-11D3-BF4B-00C04F79EFBC}") = "GRD.SpChn.OrderManagement.Application", "src\backend\Services\OrderManagement\GRD.SpChn.OrderManagement.Application\GRD.SpChn.OrderManagement.Application.csproj", "{B4F9BC4D-29BE-4326-83F7-0181B78A447A}"
EndProject
Project("{FAE04EC0-301F-11D3-BF4B-00C04F79EFBC}") = "GRD.SpChn.OrderManagement.Domain", "src\backend\Services\OrderManagement\GRD.SpChn.OrderManagement.Domain\GRD.SpChn.OrderManagement.Domain.csproj", "{0A7164B8-26D5-4FA3-A621-E0A78D4A9507}"
EndProject
Project("{FAE04EC0-301F-11D3-BF4B-00C04F79EFBC}") = "GRD.SpChn.OrderManagement.Infrastructure", "src\backend\Services\OrderManagement\GRD.SpChn.OrderManagement.Infrastructure\GRD.SpChn.OrderManagement.Infrastructure.csproj", "{6D528E26-1AD9-4108-943C-FDBC756421CC}"
EndProject
Project("{2150E333-8FDC-42A3-9474-1A3956D46DE8}") = "Organization", "Organization", "{AFED8827-A60A-FC6C-6F58-4F3DEBB38621}"
EndProject
Project("{FAE04EC0-301F-11D3-BF4B-00C04F79EFBC}") = "GRD.SpChn.Organization.Api", "src\backend\Services\Organization\GRD.SpChn.Organization.Api\GRD.SpChn.Organization.Api.csproj", "{DEE4DF0B-A69D-4981-A637-5359506E2575}"
EndProject
Project("{FAE04EC0-301F-11D3-BF4B-00C04F79EFBC}") = "GRD.SpChn.Organization.Application", "src\backend\Services\Organization\GRD.SpChn.Organization.Application\GRD.SpChn.Organization.Application.csproj", "{9D592FAB-EB2B-435C-AB18-B49E59F9AF90}"
EndProject
Project("{FAE04EC0-301F-11D3-BF4B-00C04F79EFBC}") = "GRD.SpChn.Organization.Domain", "src\backend\Services\Organization\GRD.SpChn.Organization.Domain\GRD.SpChn.Organization.Domain.csproj", "{A1F932E2-7E1D-40C3-A7D4-E166573868B7}"
EndProject
Project("{FAE04EC0-301F-11D3-BF4B-00C04F79EFBC}") = "GRD.SpChn.Organization.Infrastructure", "src\backend\Services\Organization\GRD.SpChn.Organization.Infrastructure\GRD.SpChn.Organization.Infrastructure.csproj", "{C4388703-FE8D-4ACE-B93F-00162C2DB01F}"
EndProject
Project("{2150E333-8FDC-42A3-9474-1A3956D46DE8}") = "Procurement", "Procurement", "{1D5363C2-2E61-0D07-1A99-512C4A5D974D}"
EndProject
Project("{FAE04EC0-301F-11D3-BF4B-00C04F79EFBC}") = "GRD.SpChn.Procurement.Api", "src\backend\Services\Procurement\GRD.SpChn.Procurement.Api\GRD.SpChn.Procurement.Api.csproj", "{F4BE89C3-0E66-449C-9E8F-4DDA726C88CC}"
EndProject
Project("{FAE04EC0-301F-11D3-BF4B-00C04F79EFBC}") = "GRD.SpChn.Procurement.Application", "src\backend\Services\Procurement\GRD.SpChn.Procurement.Application\GRD.SpChn.Procurement.Application.csproj", "{38DEB245-0FB2-413A-A2C6-D585EDCB9A12}"
EndProject
Project("{FAE04EC0-301F-11D3-BF4B-00C04F79EFBC}") = "GRD.SpChn.Procurement.Domain", "src\backend\Services\Procurement\GRD.SpChn.Procurement.Domain\GRD.SpChn.Procurement.Domain.csproj", "{A3D1D4CD-72AD-428E-999C-A142490129DD}"
EndProject
Project("{FAE04EC0-301F-11D3-BF4B-00C04F79EFBC}") = "GRD.SpChn.Procurement.Infrastructure", "src\backend\Services\Procurement\GRD.SpChn.Procurement.Infrastructure\GRD.SpChn.Procurement.Infrastructure.csproj", "{913F69EE-991B-4249-B647-49F2C9DF57BF}"
EndProject
Project("{2150E333-8FDC-42A3-9474-1A3956D46DE8}") = "ProductCatalog", "ProductCatalog", "{55035469-D2A4-0A9A-F4DD-5399BE6BEC65}"
EndProject
Project("{FAE04EC0-301F-11D3-BF4B-00C04F79EFBC}") = "GRD.SpChn.ProductCatalog.Api", "src\backend\Services\ProductCatalog\GRD.SpChn.ProductCatalog.Api\GRD.SpChn.ProductCatalog.Api.csproj", "{59436FA6-73C6-4F7F-B23E-B3CC72C2F923}"
EndProject
Project("{FAE04EC0-301F-11D3-BF4B-00C04F79EFBC}") = "GRD.SpChn.ProductCatalog.Application", "src\backend\Services\ProductCatalog\GRD.SpChn.ProductCatalog.Application\GRD.SpChn.ProductCatalog.Application.csproj", "{D000D510-D329-4839-A038-20083CC23277}"
EndProject
Project("{FAE04EC0-301F-11D3-BF4B-00C04F79EFBC}") = "GRD.SpChn.ProductCatalog.Domain", "src\backend\Services\ProductCatalog\GRD.SpChn.ProductCatalog.Domain\GRD.SpChn.ProductCatalog.Domain.csproj", "{EDB18CEC-B04B-4497-B1E3-649156735E57}"
EndProject
Project("{FAE04EC0-301F-11D3-BF4B-00C04F79EFBC}") = "GRD.SpChn.ProductCatalog.Infrastructure", "src\backend\Services\ProductCatalog\GRD.SpChn.ProductCatalog.Infrastructure\GRD.SpChn.ProductCatalog.Infrastructure.csproj", "{58323EA3-6E3D-423A-B2A7-C0D846D767B4}"
EndProject
Project("{2150E333-8FDC-42A3-9474-1A3956D46DE8}") = "Reporting", "Reporting", "{2C9416E1-BA3A-9D9F-54F9-3ED46273630E}"
EndProject
Project("{FAE04EC0-301F-11D3-BF4B-00C04F79EFBC}") = "GRD.SpChn.Reporting.Api", "src\backend\Services\Reporting\GRD.SpChn.Reporting.Api\GRD.SpChn.Reporting.Api.csproj", "{6FF045FD-89A7-4FD4-B144-42DB4308F832}"
EndProject
Project("{FAE04EC0-301F-11D3-BF4B-00C04F79EFBC}") = "GRD.SpChn.Reporting.Application", "src\backend\Services\Reporting\GRD.SpChn.Reporting.Application\GRD.SpChn.Reporting.Application.csproj", "{815C8C13-A6D2-403D-81CF-50B06261F016}"
EndProject
Project("{FAE04EC0-301F-11D3-BF4B-00C04F79EFBC}") = "GRD.SpChn.Reporting.Domain", "src\backend\Services\Reporting\GRD.SpChn.Reporting.Domain\GRD.SpChn.Reporting.Domain.csproj", "{0251659B-5141-4363-8269-BBECD1D145DB}"
EndProject
Project("{FAE04EC0-301F-11D3-BF4B-00C04F79EFBC}") = "GRD.SpChn.Reporting.Infrastructure", "src\backend\Services\Reporting\GRD.SpChn.Reporting.Infrastructure\GRD.SpChn.Reporting.Infrastructure.csproj", "{558A40B4-B6F8-4FC0-BF0C-D1DDC59B3290}"
EndProject
Project("{2150E333-8FDC-42A3-9474-1A3956D46DE8}") = "Shipment", "Shipment", "{C03DA241-CC5F-C728-2F9A-B2E9BEC2AA1A}"
EndProject
Project("{FAE04EC0-301F-11D3-BF4B-00C04F79EFBC}") = "GRD.SpChn.Shipment.Api", "src\backend\Services\Shipment\GRD.SpChn.Shipment.Api\GRD.SpChn.Shipment.Api.csproj", "{BFAE88DF-1580-43BD-9813-0575D097A05A}"
EndProject
Project("{FAE04EC0-301F-11D3-BF4B-00C04F79EFBC}") = "GRD.SpChn.Shipment.Application", "src\backend\Services\Shipment\GRD.SpChn.Shipment.Application\GRD.SpChn.Shipment.Application.csproj", "{C68AEF12-903F-445C-8859-B99B19D695AA}"
EndProject
Project("{FAE04EC0-301F-11D3-BF4B-00C04F79EFBC}") = "GRD.SpChn.Shipment.Domain", "src\backend\Services\Shipment\GRD.SpChn.Shipment.Domain\GRD.SpChn.Shipment.Domain.csproj", "{7093DF7A-8225-466A-BC40-0600107B1C9B}"
EndProject
Project("{FAE04EC0-301F-11D3-BF4B-00C04F79EFBC}") = "GRD.SpChn.Shipment.Infrastructure", "src\backend\Services\Shipment\GRD.SpChn.Shipment.Infrastructure\GRD.SpChn.Shipment.Infrastructure.csproj", "{B2AB2E8F-DE5C-47FC-9E7C-F108F547B5C3}"
EndProject
Project("{2150E333-8FDC-42A3-9474-1A3956D46DE8}") = "Supplier", "Supplier", "{C5B4D979-32E8-0F86-F64C-EFB62EF523B9}"
EndProject
Project("{FAE04EC0-301F-11D3-BF4B-00C04F79EFBC}") = "GRD.SpChn.Supplier.Api", "src\backend\Services\Supplier\GRD.SpChn.Supplier.Api\GRD.SpChn.Supplier.Api.csproj", "{8A7147D7-D405-4706-A4B8-E68AF2BBBE5F}"
EndProject
Project("{FAE04EC0-301F-11D3-BF4B-00C04F79EFBC}") = "GRD.SpChn.Supplier.Application", "src\backend\Services\Supplier\GRD.SpChn.Supplier.Application\GRD.SpChn.Supplier.Application.csproj", "{BA668E2D-EE54-41F6-BD5B-76698A079AE7}"
EndProject
Project("{FAE04EC0-301F-11D3-BF4B-00C04F79EFBC}") = "GRD.SpChn.Supplier.Domain", "src\backend\Services\Supplier\GRD.SpChn.Supplier.Domain\GRD.SpChn.Supplier.Domain.csproj", "{A4AC0DB5-3F96-4E83-8473-802BB28FD6A1}"
EndProject
Project("{FAE04EC0-301F-11D3-BF4B-00C04F79EFBC}") = "GRD.SpChn.Supplier.Infrastructure", "src\backend\Services\Supplier\GRD.SpChn.Supplier.Infrastructure\GRD.SpChn.Supplier.Infrastructure.csproj", "{ED9D0D52-D60E-404E-98AE-036361C7EECC}"
EndProject
Project("{2150E333-8FDC-42A3-9474-1A3956D46DE8}") = "Transportation", "Transportation", "{97A5E7BF-051C-EF40-EA83-A62C673679E3}"
EndProject
Project("{FAE04EC0-301F-11D3-BF4B-00C04F79EFBC}") = "GRD.SpChn.Transportation.Api", "src\backend\Services\Transportation\GRD.SpChn.Transportation.Api\GRD.SpChn.Transportation.Api.csproj", "{D616EACE-7FC0-4FAE-9B11-49351BF205EB}"
EndProject
Project("{FAE04EC0-301F-11D3-BF4B-00C04F79EFBC}") = "GRD.SpChn.Transportation.Application", "src\backend\Services\Transportation\GRD.SpChn.Transportation.Application\GRD.SpChn.Transportation.Application.csproj", "{511D67B7-6A9F-4A7B-B455-27C373B575B8}"
EndProject
Project("{FAE04EC0-301F-11D3-BF4B-00C04F79EFBC}") = "GRD.SpChn.Transportation.Domain", "src\backend\Services\Transportation\GRD.SpChn.Transportation.Domain\GRD.SpChn.Transportation.Domain.csproj", "{830AE1C3-153F-47A5-8C97-47D8DBB9069B}"
EndProject
Project("{FAE04EC0-301F-11D3-BF4B-00C04F79EFBC}") = "GRD.SpChn.Transportation.Infrastructure", "src\backend\Services\Transportation\GRD.SpChn.Transportation.Infrastructure\GRD.SpChn.Transportation.Infrastructure.csproj", "{F49C4875-3D64-4D2C-8ABE-39A1CCC134BA}"
EndProject
Project("{2150E333-8FDC-42A3-9474-1A3956D46DE8}") = "Warehouse", "Warehouse", "{0AD64CF7-3F3D-8C3F-03D3-F87BF0AC35F7}"
EndProject
Project("{FAE04EC0-301F-11D3-BF4B-00C04F79EFBC}") = "GRD.SpChn.Warehouse.Api", "src\backend\Services\Warehouse\GRD.SpChn.Warehouse.Api\GRD.SpChn.Warehouse.Api.csproj", "{99EED0C6-AA90-4698-BE95-6BAFCB38B7B4}"
EndProject
Project("{FAE04EC0-301F-11D3-BF4B-00C04F79EFBC}") = "GRD.SpChn.Warehouse.Application", "src\backend\Services\Warehouse\GRD.SpChn.Warehouse.Application\GRD.SpChn.Warehouse.Application.csproj", "{E35AB351-BA89-4993-A270-58829692E8C0}"
EndProject
Project("{FAE04EC0-301F-11D3-BF4B-00C04F79EFBC}") = "GRD.SpChn.Warehouse.Domain", "src\backend\Services\Warehouse\GRD.SpChn.Warehouse.Domain\GRD.SpChn.Warehouse.Domain.csproj", "{BC70DF05-BEFD-4385-AF87-CE2150789C66}"
EndProject
Project("{FAE04EC0-301F-11D3-BF4B-00C04F79EFBC}") = "GRD.SpChn.Warehouse.Infrastructure", "src\backend\Services\Warehouse\GRD.SpChn.Warehouse.Infrastructure\GRD.SpChn.Warehouse.Infrastructure.csproj", "{4978E552-2E6B-488F-9C13-FA1A97A8873C}"
EndProject
Project("{2150E333-8FDC-42A3-9474-1A3956D46DE8}") = "Workers", "Workers", "{D470AC2C-C391-86DA-3519-0A92CDD13D95}"
EndProject
Project("{FAE04EC0-301F-11D3-BF4B-00C04F79EFBC}") = "GRD.SpChn.EventProcessor", "src\backend\Workers\GRD.SpChn.EventProcessor\GRD.SpChn.EventProcessor.csproj", "{0BC8E53E-B7A5-4739-BF42-A933A3DA6E72}"
EndProject
Project("{FAE04EC0-301F-11D3-BF4B-00C04F79EFBC}") = "GRD.SpChn.OutboxPublisher", "src\backend\Workers\GRD.SpChn.OutboxPublisher\GRD.SpChn.OutboxPublisher.csproj", "{FF06FC67-BEB2-4064-8B50-97B195480403}"
EndProject
Project("{FAE04EC0-301F-11D3-BF4B-00C04F79EFBC}") = "GRD.SpChn.ProjectionBuilder", "src\backend\Workers\GRD.SpChn.ProjectionBuilder\GRD.SpChn.ProjectionBuilder.csproj", "{03E62AE2-C0F3-4F7A-A6C6-47BD5A2EB6D9}"
EndProject
Project("{2150E333-8FDC-42A3-9474-1A3956D46DE8}") = "tests", "tests", "{0AB3BF05-4346-4AA6-1389-037BE0695223}"
EndProject
Project("{2150E333-8FDC-42A3-9474-1A3956D46DE8}") = "backend", "backend", "{C62EED4C-2AC9-F50F-E0BC-649CFEA98BDB}"
EndProject
Project("{FAE04EC0-301F-11D3-BF4B-00C04F79EFBC}") = "GRD.SpChn.ArchitectureTests", "tests\backend\GRD.SpChn.ArchitectureTests\GRD.SpChn.ArchitectureTests.csproj", "{0BD4AEFA-F811-4094-A4B4-3D0C18DCC915}"
EndProject
Project("{FAE04EC0-301F-11D3-BF4B-00C04F79EFBC}") = "GRD.SpChn.ContractTests", "tests\backend\GRD.SpChn.ContractTests\GRD.SpChn.ContractTests.csproj", "{C3B112BE-AF98-4C79-8736-6E0D93527A99}"
EndProject
Project("{FAE04EC0-301F-11D3-BF4B-00C04F79EFBC}") = "GRD.SpChn.IntegrationTests", "tests\backend\GRD.SpChn.IntegrationTests\GRD.SpChn.IntegrationTests.csproj", "{D1D002AB-12DA-4CAE-B95B-E95258532B5A}"
EndProject
Project("{FAE04EC0-301F-11D3-BF4B-00C04F79EFBC}") = "GRD.SpChn.UnitTests", "tests\backend\GRD.SpChn.UnitTests\GRD.SpChn.UnitTests.csproj", "{E2A3F2BE-0A53-4902-9681-FF4FCBA66D7D}"
EndProject
Project("{FAE04EC0-301F-11D3-BF4B-00C04F79EFBC}") = "GRD.SpChn.Persistence.MySql", "src\backend\BuildingBlocks\GRD.SpChn.Persistence.MySql\GRD.SpChn.Persistence.MySql.csproj", "{EE9E57C6-60C5-460E-AB0D-FFA0B820EE7C}"
EndProject
Global
	GlobalSection(SolutionConfigurationPlatforms) = preSolution
		Debug|Any CPU = Debug|Any CPU
		Debug|x64 = Debug|x64
		Debug|x86 = Debug|x86
		Release|Any CPU = Release|Any CPU
		Release|x64 = Release|x64
		Release|x86 = Release|x86
	EndGlobalSection
	GlobalSection(ProjectConfigurationPlatforms) = postSolution
		{F98E777E-600D-4F44-91D2-1D99E64CC960}.Debug|Any CPU.ActiveCfg = Debug|Any CPU
		{F98E777E-600D-4F44-91D2-1D99E64CC960}.Debug|Any CPU.Build.0 = Debug|Any CPU
		{F98E777E-600D-4F44-91D2-1D99E64CC960}.Debug|x64.ActiveCfg = Debug|Any CPU
		{F98E777E-600D-4F44-91D2-1D99E64CC960}.Debug|x64.Build.0 = Debug|Any CPU
		{F98E777E-600D-4F44-91D2-1D99E64CC960}.Debug|x86.ActiveCfg = Debug|Any CPU
		{F98E777E-600D-4F44-91D2-1D99E64CC960}.Debug|x86.Build.0 = Debug|Any CPU
		{F98E777E-600D-4F44-91D2-1D99E64CC960}.Release|Any CPU.ActiveCfg = Release|Any CPU
		{F98E777E-600D-4F44-91D2-1D99E64CC960}.Release|Any CPU.Build.0 = Release|Any CPU
		{F98E777E-600D-4F44-91D2-1D99E64CC960}.Release|x64.ActiveCfg = Release|Any CPU
		{F98E777E-600D-4F44-91D2-1D99E64CC960}.Release|x64.Build.0 = Release|Any CPU
		{F98E777E-600D-4F44-91D2-1D99E64CC960}.Release|x86.ActiveCfg = Release|Any CPU
		{F98E777E-600D-4F44-91D2-1D99E64CC960}.Release|x86.Build.0 = Release|Any CPU
		{5240F532-8401-4CA1-8919-6B0732471F77}.Debug|Any CPU.ActiveCfg = Debug|Any CPU
		{5240F532-8401-4CA1-8919-6B0732471F77}.Debug|Any CPU.Build.0 = Debug|Any CPU
		{5240F532-8401-4CA1-8919-6B0732471F77}.Debug|x64.ActiveCfg = Debug|Any CPU
		{5240F532-8401-4CA1-8919-6B0732471F77}.Debug|x64.Build.0 = Debug|Any CPU
		{5240F532-8401-4CA1-8919-6B0732471F77}.Debug|x86.ActiveCfg = Debug|Any CPU
		{5240F532-8401-4CA1-8919-6B0732471F77}.Debug|x86.Build.0 = Debug|Any CPU
		{5240F532-8401-4CA1-8919-6B0732471F77}.Release|Any CPU.ActiveCfg = Release|Any CPU
		{5240F532-8401-4CA1-8919-6B0732471F77}.Release|Any CPU.Build.0 = Release|Any CPU
		{5240F532-8401-4CA1-8919-6B0732471F77}.Release|x64.ActiveCfg = Release|Any CPU
		{5240F532-8401-4CA1-8919-6B0732471F77}.Release|x64.Build.0 = Release|Any CPU
		{5240F532-8401-4CA1-8919-6B0732471F77}.Release|x86.ActiveCfg = Release|Any CPU
		{5240F532-8401-4CA1-8919-6B0732471F77}.Release|x86.Build.0 = Release|Any CPU
		{D5ECBEB4-8C8F-4426-8FFB-78523DF7F697}.Debug|Any CPU.ActiveCfg = Debug|Any CPU
		{D5ECBEB4-8C8F-4426-8FFB-78523DF7F697}.Debug|Any CPU.Build.0 = Debug|Any CPU
		{D5ECBEB4-8C8F-4426-8FFB-78523DF7F697}.Debug|x64.ActiveCfg = Debug|Any CPU
		{D5ECBEB4-8C8F-4426-8FFB-78523DF7F697}.Debug|x64.Build.0 = Debug|Any CPU
		{D5ECBEB4-8C8F-4426-8FFB-78523DF7F697}.Debug|x86.ActiveCfg = Debug|Any CPU
		{D5ECBEB4-8C8F-4426-8FFB-78523DF7F697}.Debug|x86.Build.0 = Debug|Any CPU
		{D5ECBEB4-8C8F-4426-8FFB-78523DF7F697}.Release|Any CPU.ActiveCfg = Release|Any CPU
		{D5ECBEB4-8C8F-4426-8FFB-78523DF7F697}.Release|Any CPU.Build.0 = Release|Any CPU
		{D5ECBEB4-8C8F-4426-8FFB-78523DF7F697}.Release|x64.ActiveCfg = Release|Any CPU
		{D5ECBEB4-8C8F-4426-8FFB-78523DF7F697}.Release|x64.Build.0 = Release|Any CPU
		{D5ECBEB4-8C8F-4426-8FFB-78523DF7F697}.Release|x86.ActiveCfg = Release|Any CPU
		{D5ECBEB4-8C8F-4426-8FFB-78523DF7F697}.Release|x86.Build.0 = Release|Any CPU
		{3F260391-91F3-4FBC-8746-D9ACB29C5406}.Debug|Any CPU.ActiveCfg = Debug|Any CPU
		{3F260391-91F3-4FBC-8746-D9ACB29C5406}.Debug|Any CPU.Build.0 = Debug|Any CPU
		{3F260391-91F3-4FBC-8746-D9ACB29C5406}.Debug|x64.ActiveCfg = Debug|Any CPU
		{3F260391-91F3-4FBC-8746-D9ACB29C5406}.Debug|x64.Build.0 = Debug|Any CPU
		{3F260391-91F3-4FBC-8746-D9ACB29C5406}.Debug|x86.ActiveCfg = Debug|Any CPU
		{3F260391-91F3-4FBC-8746-D9ACB29C5406}.Debug|x86.Build.0 = Debug|Any CPU
		{3F260391-91F3-4FBC-8746-D9ACB29C5406}.Release|Any CPU.ActiveCfg = Release|Any CPU
		{3F260391-91F3-4FBC-8746-D9ACB29C5406}.Release|Any CPU.Build.0 = Release|Any CPU
		{3F260391-91F3-4FBC-8746-D9ACB29C5406}.Release|x64.ActiveCfg = Release|Any CPU
		{3F260391-91F3-4FBC-8746-D9ACB29C5406}.Release|x64.Build.0 = Release|Any CPU
		{3F260391-91F3-4FBC-8746-D9ACB29C5406}.Release|x86.ActiveCfg = Release|Any CPU
		{3F260391-91F3-4FBC-8746-D9ACB29C5406}.Release|x86.Build.0 = Release|Any CPU
		{E2298023-C637-4728-AC81-EA32949EBB36}.Debug|Any CPU.ActiveCfg = Debug|Any CPU
		{E2298023-C637-4728-AC81-EA32949EBB36}.Debug|Any CPU.Build.0 = Debug|Any CPU
		{E2298023-C637-4728-AC81-EA32949EBB36}.Debug|x64.ActiveCfg = Debug|Any CPU
		{E2298023-C637-4728-AC81-EA32949EBB36}.Debug|x64.Build.0 = Debug|Any CPU
		{E2298023-C637-4728-AC81-EA32949EBB36}.Debug|x86.ActiveCfg = Debug|Any CPU
		{E2298023-C637-4728-AC81-EA32949EBB36}.Debug|x86.Build.0 = Debug|Any CPU
		{E2298023-C637-4728-AC81-EA32949EBB36}.Release|Any CPU.ActiveCfg = Release|Any CPU
		{E2298023-C637-4728-AC81-EA32949EBB36}.Release|Any CPU.Build.0 = Release|Any CPU
		{E2298023-C637-4728-AC81-EA32949EBB36}.Release|x64.ActiveCfg = Release|Any CPU
		{E2298023-C637-4728-AC81-EA32949EBB36}.Release|x64.Build.0 = Release|Any CPU
		{E2298023-C637-4728-AC81-EA32949EBB36}.Release|x86.ActiveCfg = Release|Any CPU
		{E2298023-C637-4728-AC81-EA32949EBB36}.Release|x86.Build.0 = Release|Any CPU
		{F37BFD73-F267-4D4D-9D40-F30A482CF00F}.Debug|Any CPU.ActiveCfg = Debug|Any CPU
		{F37BFD73-F267-4D4D-9D40-F30A482CF00F}.Debug|Any CPU.Build.0 = Debug|Any CPU
		{F37BFD73-F267-4D4D-9D40-F30A482CF00F}.Debug|x64.ActiveCfg = Debug|Any CPU
		{F37BFD73-F267-4D4D-9D40-F30A482CF00F}.Debug|x64.Build.0 = Debug|Any CPU
		{F37BFD73-F267-4D4D-9D40-F30A482CF00F}.Debug|x86.ActiveCfg = Debug|Any CPU
		{F37BFD73-F267-4D4D-9D40-F30A482CF00F}.Debug|x86.Build.0 = Debug|Any CPU
		{F37BFD73-F267-4D4D-9D40-F30A482CF00F}.Release|Any CPU.ActiveCfg = Release|Any CPU
		{F37BFD73-F267-4D4D-9D40-F30A482CF00F}.Release|Any CPU.Build.0 = Release|Any CPU
		{F37BFD73-F267-4D4D-9D40-F30A482CF00F}.Release|x64.ActiveCfg = Release|Any CPU
		{F37BFD73-F267-4D4D-9D40-F30A482CF00F}.Release|x64.Build.0 = Release|Any CPU
		{F37BFD73-F267-4D4D-9D40-F30A482CF00F}.Release|x86.ActiveCfg = Release|Any CPU
		{F37BFD73-F267-4D4D-9D40-F30A482CF00F}.Release|x86.Build.0 = Release|Any CPU
		{A02DB79A-BFBB-480E-B81A-14D46F71DB5B}.Debug|Any CPU.ActiveCfg = Debug|Any CPU
		{A02DB79A-BFBB-480E-B81A-14D46F71DB5B}.Debug|Any CPU.Build.0 = Debug|Any CPU
		{A02DB79A-BFBB-480E-B81A-14D46F71DB5B}.Debug|x64.ActiveCfg = Debug|Any CPU
		{A02DB79A-BFBB-480E-B81A-14D46F71DB5B}.Debug|x64.Build.0 = Debug|Any CPU
		{A02DB79A-BFBB-480E-B81A-14D46F71DB5B}.Debug|x86.ActiveCfg = Debug|Any CPU
		{A02DB79A-BFBB-480E-B81A-14D46F71DB5B}.Debug|x86.Build.0 = Debug|Any CPU
		{A02DB79A-BFBB-480E-B81A-14D46F71DB5B}.Release|Any CPU.ActiveCfg = Release|Any CPU
		{A02DB79A-BFBB-480E-B81A-14D46F71DB5B}.Release|Any CPU.Build.0 = Release|Any CPU
		{A02DB79A-BFBB-480E-B81A-14D46F71DB5B}.Release|x64.ActiveCfg = Release|Any CPU
		{A02DB79A-BFBB-480E-B81A-14D46F71DB5B}.Release|x64.Build.0 = Release|Any CPU
		{A02DB79A-BFBB-480E-B81A-14D46F71DB5B}.Release|x86.ActiveCfg = Release|Any CPU
		{A02DB79A-BFBB-480E-B81A-14D46F71DB5B}.Release|x86.Build.0 = Release|Any CPU
		{365E0361-BC9B-4584-AD38-E53C880D6365}.Debug|Any CPU.ActiveCfg = Debug|Any CPU
		{365E0361-BC9B-4584-AD38-E53C880D6365}.Debug|Any CPU.Build.0 = Debug|Any CPU
		{365E0361-BC9B-4584-AD38-E53C880D6365}.Debug|x64.ActiveCfg = Debug|Any CPU
		{365E0361-BC9B-4584-AD38-E53C880D6365}.Debug|x64.Build.0 = Debug|Any CPU
		{365E0361-BC9B-4584-AD38-E53C880D6365}.Debug|x86.ActiveCfg = Debug|Any CPU
		{365E0361-BC9B-4584-AD38-E53C880D6365}.Debug|x86.Build.0 = Debug|Any CPU
		{365E0361-BC9B-4584-AD38-E53C880D6365}.Release|Any CPU.ActiveCfg = Release|Any CPU
		{365E0361-BC9B-4584-AD38-E53C880D6365}.Release|Any CPU.Build.0 = Release|Any CPU
		{365E0361-BC9B-4584-AD38-E53C880D6365}.Release|x64.ActiveCfg = Release|Any CPU
		{365E0361-BC9B-4584-AD38-E53C880D6365}.Release|x64.Build.0 = Release|Any CPU
		{365E0361-BC9B-4584-AD38-E53C880D6365}.Release|x86.ActiveCfg = Release|Any CPU
		{365E0361-BC9B-4584-AD38-E53C880D6365}.Release|x86.Build.0 = Release|Any CPU
		{92ADDECB-0692-4140-8E98-A260AAF1CD53}.Debug|Any CPU.ActiveCfg = Debug|Any CPU
		{92ADDECB-0692-4140-8E98-A260AAF1CD53}.Debug|Any CPU.Build.0 = Debug|Any CPU
		{92ADDECB-0692-4140-8E98-A260AAF1CD53}.Debug|x64.ActiveCfg = Debug|Any CPU
		{92ADDECB-0692-4140-8E98-A260AAF1CD53}.Debug|x64.Build.0 = Debug|Any CPU
		{92ADDECB-0692-4140-8E98-A260AAF1CD53}.Debug|x86.ActiveCfg = Debug|Any CPU
		{92ADDECB-0692-4140-8E98-A260AAF1CD53}.Debug|x86.Build.0 = Debug|Any CPU
		{92ADDECB-0692-4140-8E98-A260AAF1CD53}.Release|Any CPU.ActiveCfg = Release|Any CPU
		{92ADDECB-0692-4140-8E98-A260AAF1CD53}.Release|Any CPU.Build.0 = Release|Any CPU
		{92ADDECB-0692-4140-8E98-A260AAF1CD53}.Release|x64.ActiveCfg = Release|Any CPU
		{92ADDECB-0692-4140-8E98-A260AAF1CD53}.Release|x64.Build.0 = Release|Any CPU
		{92ADDECB-0692-4140-8E98-A260AAF1CD53}.Release|x86.ActiveCfg = Release|Any CPU
		{92ADDECB-0692-4140-8E98-A260AAF1CD53}.Release|x86.Build.0 = Release|Any CPU
		{282D6BB3-5FFF-4AF4-B7C5-A9B70B06BD2A}.Debug|Any CPU.ActiveCfg = Debug|Any CPU
		{282D6BB3-5FFF-4AF4-B7C5-A9B70B06BD2A}.Debug|Any CPU.Build.0 = Debug|Any CPU
		{282D6BB3-5FFF-4AF4-B7C5-A9B70B06BD2A}.Debug|x64.ActiveCfg = Debug|Any CPU
		{282D6BB3-5FFF-4AF4-B7C5-A9B70B06BD2A}.Debug|x64.Build.0 = Debug|Any CPU
		{282D6BB3-5FFF-4AF4-B7C5-A9B70B06BD2A}.Debug|x86.ActiveCfg = Debug|Any CPU
		{282D6BB3-5FFF-4AF4-B7C5-A9B70B06BD2A}.Debug|x86.Build.0 = Debug|Any CPU
		{282D6BB3-5FFF-4AF4-B7C5-A9B70B06BD2A}.Release|Any CPU.ActiveCfg = Release|Any CPU
		{282D6BB3-5FFF-4AF4-B7C5-A9B70B06BD2A}.Release|Any CPU.Build.0 = Release|Any CPU
		{282D6BB3-5FFF-4AF4-B7C5-A9B70B06BD2A}.Release|x64.ActiveCfg = Release|Any CPU
		{282D6BB3-5FFF-4AF4-B7C5-A9B70B06BD2A}.Release|x64.Build.0 = Release|Any CPU
		{282D6BB3-5FFF-4AF4-B7C5-A9B70B06BD2A}.Release|x86.ActiveCfg = Release|Any CPU
		{282D6BB3-5FFF-4AF4-B7C5-A9B70B06BD2A}.Release|x86.Build.0 = Release|Any CPU
		{835F2FB1-FE39-45E5-B246-D10ADCA8CB70}.Debug|Any CPU.ActiveCfg = Debug|Any CPU
		{835F2FB1-FE39-45E5-B246-D10ADCA8CB70}.Debug|Any CPU.Build.0 = Debug|Any CPU
		{835F2FB1-FE39-45E5-B246-D10ADCA8CB70}.Debug|x64.ActiveCfg = Debug|Any CPU
		{835F2FB1-FE39-45E5-B246-D10ADCA8CB70}.Debug|x64.Build.0 = Debug|Any CPU
		{835F2FB1-FE39-45E5-B246-D10ADCA8CB70}.Debug|x86.ActiveCfg = Debug|Any CPU
		{835F2FB1-FE39-45E5-B246-D10ADCA8CB70}.Debug|x86.Build.0 = Debug|Any CPU
		{835F2FB1-FE39-45E5-B246-D10ADCA8CB70}.Release|Any CPU.ActiveCfg = Release|Any CPU
		{835F2FB1-FE39-45E5-B246-D10ADCA8CB70}.Release|Any CPU.Build.0 = Release|Any CPU
		{835F2FB1-FE39-45E5-B246-D10ADCA8CB70}.Release|x64.ActiveCfg = Release|Any CPU
		{835F2FB1-FE39-45E5-B246-D10ADCA8CB70}.Release|x64.Build.0 = Release|Any CPU
		{835F2FB1-FE39-45E5-B246-D10ADCA8CB70}.Release|x86.ActiveCfg = Release|Any CPU
		{835F2FB1-FE39-45E5-B246-D10ADCA8CB70}.Release|x86.Build.0 = Release|Any CPU
		{7C7377D3-7B3D-42D2-908D-690180EBDC12}.Debug|Any CPU.ActiveCfg = Debug|Any CPU
		{7C7377D3-7B3D-42D2-908D-690180EBDC12}.Debug|Any CPU.Build.0 = Debug|Any CPU
		{7C7377D3-7B3D-42D2-908D-690180EBDC12}.Debug|x64.ActiveCfg = Debug|Any CPU
		{7C7377D3-7B3D-42D2-908D-690180EBDC12}.Debug|x64.Build.0 = Debug|Any CPU
		{7C7377D3-7B3D-42D2-908D-690180EBDC12}.Debug|x86.ActiveCfg = Debug|Any CPU
		{7C7377D3-7B3D-42D2-908D-690180EBDC12}.Debug|x86.Build.0 = Debug|Any CPU
		{7C7377D3-7B3D-42D2-908D-690180EBDC12}.Release|Any CPU.ActiveCfg = Release|Any CPU
		{7C7377D3-7B3D-42D2-908D-690180EBDC12}.Release|Any CPU.Build.0 = Release|Any CPU
		{7C7377D3-7B3D-42D2-908D-690180EBDC12}.Release|x64.ActiveCfg = Release|Any CPU
		{7C7377D3-7B3D-42D2-908D-690180EBDC12}.Release|x64.Build.0 = Release|Any CPU
		{7C7377D3-7B3D-42D2-908D-690180EBDC12}.Release|x86.ActiveCfg = Release|Any CPU
		{7C7377D3-7B3D-42D2-908D-690180EBDC12}.Release|x86.Build.0 = Release|Any CPU
		{41699FE9-20AF-4164-B1B7-16A342692232}.Debug|Any CPU.ActiveCfg = Debug|Any CPU
		{41699FE9-20AF-4164-B1B7-16A342692232}.Debug|Any CPU.Build.0 = Debug|Any CPU
		{41699FE9-20AF-4164-B1B7-16A342692232}.Debug|x64.ActiveCfg = Debug|Any CPU
		{41699FE9-20AF-4164-B1B7-16A342692232}.Debug|x64.Build.0 = Debug|Any CPU
		{41699FE9-20AF-4164-B1B7-16A342692232}.Debug|x86.ActiveCfg = Debug|Any CPU
		{41699FE9-20AF-4164-B1B7-16A342692232}.Debug|x86.Build.0 = Debug|Any CPU
		{41699FE9-20AF-4164-B1B7-16A342692232}.Release|Any CPU.ActiveCfg = Release|Any CPU
		{41699FE9-20AF-4164-B1B7-16A342692232}.Release|Any CPU.Build.0 = Release|Any CPU
		{41699FE9-20AF-4164-B1B7-16A342692232}.Release|x64.ActiveCfg = Release|Any CPU
		{41699FE9-20AF-4164-B1B7-16A342692232}.Release|x64.Build.0 = Release|Any CPU
		{41699FE9-20AF-4164-B1B7-16A342692232}.Release|x86.ActiveCfg = Release|Any CPU
		{41699FE9-20AF-4164-B1B7-16A342692232}.Release|x86.Build.0 = Release|Any CPU
		{E3FF0299-496F-4B74-9FEB-2FF566707967}.Debug|Any CPU.ActiveCfg = Debug|Any CPU
		{E3FF0299-496F-4B74-9FEB-2FF566707967}.Debug|Any CPU.Build.0 = Debug|Any CPU
		{E3FF0299-496F-4B74-9FEB-2FF566707967}.Debug|x64.ActiveCfg = Debug|Any CPU
		{E3FF0299-496F-4B74-9FEB-2FF566707967}.Debug|x64.Build.0 = Debug|Any CPU
		{E3FF0299-496F-4B74-9FEB-2FF566707967}.Debug|x86.ActiveCfg = Debug|Any CPU
		{E3FF0299-496F-4B74-9FEB-2FF566707967}.Debug|x86.Build.0 = Debug|Any CPU
		{E3FF0299-496F-4B74-9FEB-2FF566707967}.Release|Any CPU.ActiveCfg = Release|Any CPU
		{E3FF0299-496F-4B74-9FEB-2FF566707967}.Release|Any CPU.Build.0 = Release|Any CPU
		{E3FF0299-496F-4B74-9FEB-2FF566707967}.Release|x64.ActiveCfg = Release|Any CPU
		{E3FF0299-496F-4B74-9FEB-2FF566707967}.Release|x64.Build.0 = Release|Any CPU
		{E3FF0299-496F-4B74-9FEB-2FF566707967}.Release|x86.ActiveCfg = Release|Any CPU
		{E3FF0299-496F-4B74-9FEB-2FF566707967}.Release|x86.Build.0 = Release|Any CPU
		{FE887DFC-A3D6-4E15-B9CD-2EAD247E9380}.Debug|Any CPU.ActiveCfg = Debug|Any CPU
		{FE887DFC-A3D6-4E15-B9CD-2EAD247E9380}.Debug|Any CPU.Build.0 = Debug|Any CPU
		{FE887DFC-A3D6-4E15-B9CD-2EAD247E9380}.Debug|x64.ActiveCfg = Debug|Any CPU
		{FE887DFC-A3D6-4E15-B9CD-2EAD247E9380}.Debug|x64.Build.0 = Debug|Any CPU
		{FE887DFC-A3D6-4E15-B9CD-2EAD247E9380}.Debug|x86.ActiveCfg = Debug|Any CPU
		{FE887DFC-A3D6-4E15-B9CD-2EAD247E9380}.Debug|x86.Build.0 = Debug|Any CPU
		{FE887DFC-A3D6-4E15-B9CD-2EAD247E9380}.Release|Any CPU.ActiveCfg = Release|Any CPU
		{FE887DFC-A3D6-4E15-B9CD-2EAD247E9380}.Release|Any CPU.Build.0 = Release|Any CPU
		{FE887DFC-A3D6-4E15-B9CD-2EAD247E9380}.Release|x64.ActiveCfg = Release|Any CPU
		{FE887DFC-A3D6-4E15-B9CD-2EAD247E9380}.Release|x64.Build.0 = Release|Any CPU
		{FE887DFC-A3D6-4E15-B9CD-2EAD247E9380}.Release|x86.ActiveCfg = Release|Any CPU
		{FE887DFC-A3D6-4E15-B9CD-2EAD247E9380}.Release|x86.Build.0 = Release|Any CPU
		{A6ADC449-2214-4F27-B63D-9047630165FD}.Debug|Any CPU.ActiveCfg = Debug|Any CPU
		{A6ADC449-2214-4F27-B63D-9047630165FD}.Debug|Any CPU.Build.0 = Debug|Any CPU
		{A6ADC449-2214-4F27-B63D-9047630165FD}.Debug|x64.ActiveCfg = Debug|Any CPU
		{A6ADC449-2214-4F27-B63D-9047630165FD}.Debug|x64.Build.0 = Debug|Any CPU
		{A6ADC449-2214-4F27-B63D-9047630165FD}.Debug|x86.ActiveCfg = Debug|Any CPU
		{A6ADC449-2214-4F27-B63D-9047630165FD}.Debug|x86.Build.0 = Debug|Any CPU
		{A6ADC449-2214-4F27-B63D-9047630165FD}.Release|Any CPU.ActiveCfg = Release|Any CPU
		{A6ADC449-2214-4F27-B63D-9047630165FD}.Release|Any CPU.Build.0 = Release|Any CPU
		{A6ADC449-2214-4F27-B63D-9047630165FD}.Release|x64.ActiveCfg = Release|Any CPU
		{A6ADC449-2214-4F27-B63D-9047630165FD}.Release|x64.Build.0 = Release|Any CPU
		{A6ADC449-2214-4F27-B63D-9047630165FD}.Release|x86.ActiveCfg = Release|Any CPU
		{A6ADC449-2214-4F27-B63D-9047630165FD}.Release|x86.Build.0 = Release|Any CPU
		{30097E91-205C-4C3F-87D6-8FDB7569B3C3}.Debug|Any CPU.ActiveCfg = Debug|Any CPU
		{30097E91-205C-4C3F-87D6-8FDB7569B3C3}.Debug|Any CPU.Build.0 = Debug|Any CPU
		{30097E91-205C-4C3F-87D6-8FDB7569B3C3}.Debug|x64.ActiveCfg = Debug|Any CPU
		{30097E91-205C-4C3F-87D6-8FDB7569B3C3}.Debug|x64.Build.0 = Debug|Any CPU
		{30097E91-205C-4C3F-87D6-8FDB7569B3C3}.Debug|x86.ActiveCfg = Debug|Any CPU
		{30097E91-205C-4C3F-87D6-8FDB7569B3C3}.Debug|x86.Build.0 = Debug|Any CPU
		{30097E91-205C-4C3F-87D6-8FDB7569B3C3}.Release|Any CPU.ActiveCfg = Release|Any CPU
		{30097E91-205C-4C3F-87D6-8FDB7569B3C3}.Release|Any CPU.Build.0 = Release|Any CPU
		{30097E91-205C-4C3F-87D6-8FDB7569B3C3}.Release|x64.ActiveCfg = Release|Any CPU
		{30097E91-205C-4C3F-87D6-8FDB7569B3C3}.Release|x64.Build.0 = Release|Any CPU
		{30097E91-205C-4C3F-87D6-8FDB7569B3C3}.Release|x86.ActiveCfg = Release|Any CPU
		{30097E91-205C-4C3F-87D6-8FDB7569B3C3}.Release|x86.Build.0 = Release|Any CPU
		{A671736B-F16E-48D0-A0E1-6775CA3AD2A9}.Debug|Any CPU.ActiveCfg = Debug|Any CPU
		{A671736B-F16E-48D0-A0E1-6775CA3AD2A9}.Debug|Any CPU.Build.0 = Debug|Any CPU
		{A671736B-F16E-48D0-A0E1-6775CA3AD2A9}.Debug|x64.ActiveCfg = Debug|Any CPU
		{A671736B-F16E-48D0-A0E1-6775CA3AD2A9}.Debug|x64.Build.0 = Debug|Any CPU
		{A671736B-F16E-48D0-A0E1-6775CA3AD2A9}.Debug|x86.ActiveCfg = Debug|Any CPU
		{A671736B-F16E-48D0-A0E1-6775CA3AD2A9}.Debug|x86.Build.0 = Debug|Any CPU
		{A671736B-F16E-48D0-A0E1-6775CA3AD2A9}.Release|Any CPU.ActiveCfg = Release|Any CPU
		{A671736B-F16E-48D0-A0E1-6775CA3AD2A9}.Release|Any CPU.Build.0 = Release|Any CPU
		{A671736B-F16E-48D0-A0E1-6775CA3AD2A9}.Release|x64.ActiveCfg = Release|Any CPU
		{A671736B-F16E-48D0-A0E1-6775CA3AD2A9}.Release|x64.Build.0 = Release|Any CPU
		{A671736B-F16E-48D0-A0E1-6775CA3AD2A9}.Release|x86.ActiveCfg = Release|Any CPU
		{A671736B-F16E-48D0-A0E1-6775CA3AD2A9}.Release|x86.Build.0 = Release|Any CPU
		{74C10F33-43AF-4DC9-8761-A270C45F8B8A}.Debug|Any CPU.ActiveCfg = Debug|Any CPU
		{74C10F33-43AF-4DC9-8761-A270C45F8B8A}.Debug|Any CPU.Build.0 = Debug|Any CPU
		{74C10F33-43AF-4DC9-8761-A270C45F8B8A}.Debug|x64.ActiveCfg = Debug|Any CPU
		{74C10F33-43AF-4DC9-8761-A270C45F8B8A}.Debug|x64.Build.0 = Debug|Any CPU
		{74C10F33-43AF-4DC9-8761-A270C45F8B8A}.Debug|x86.ActiveCfg = Debug|Any CPU
		{74C10F33-43AF-4DC9-8761-A270C45F8B8A}.Debug|x86.Build.0 = Debug|Any CPU
		{74C10F33-43AF-4DC9-8761-A270C45F8B8A}.Release|Any CPU.ActiveCfg = Release|Any CPU
		{74C10F33-43AF-4DC9-8761-A270C45F8B8A}.Release|Any CPU.Build.0 = Release|Any CPU
		{74C10F33-43AF-4DC9-8761-A270C45F8B8A}.Release|x64.ActiveCfg = Release|Any CPU
		{74C10F33-43AF-4DC9-8761-A270C45F8B8A}.Release|x64.Build.0 = Release|Any CPU
		{74C10F33-43AF-4DC9-8761-A270C45F8B8A}.Release|x86.ActiveCfg = Release|Any CPU
		{74C10F33-43AF-4DC9-8761-A270C45F8B8A}.Release|x86.Build.0 = Release|Any CPU
		{255F9F7A-D3C7-480A-8557-A7AA0C55F452}.Debug|Any CPU.ActiveCfg = Debug|Any CPU
		{255F9F7A-D3C7-480A-8557-A7AA0C55F452}.Debug|Any CPU.Build.0 = Debug|Any CPU
		{255F9F7A-D3C7-480A-8557-A7AA0C55F452}.Debug|x64.ActiveCfg = Debug|Any CPU
		{255F9F7A-D3C7-480A-8557-A7AA0C55F452}.Debug|x64.Build.0 = Debug|Any CPU
		{255F9F7A-D3C7-480A-8557-A7AA0C55F452}.Debug|x86.ActiveCfg = Debug|Any CPU
		{255F9F7A-D3C7-480A-8557-A7AA0C55F452}.Debug|x86.Build.0 = Debug|Any CPU
		{255F9F7A-D3C7-480A-8557-A7AA0C55F452}.Release|Any CPU.ActiveCfg = Release|Any CPU
		{255F9F7A-D3C7-480A-8557-A7AA0C55F452}.Release|Any CPU.Build.0 = Release|Any CPU
		{255F9F7A-D3C7-480A-8557-A7AA0C55F452}.Release|x64.ActiveCfg = Release|Any CPU
		{255F9F7A-D3C7-480A-8557-A7AA0C55F452}.Release|x64.Build.0 = Release|Any CPU
		{255F9F7A-D3C7-480A-8557-A7AA0C55F452}.Release|x86.ActiveCfg = Release|Any CPU
		{255F9F7A-D3C7-480A-8557-A7AA0C55F452}.Release|x86.Build.0 = Release|Any CPU
		{EF6D103D-B056-408B-B73A-2ACD6E2C7CBC}.Debug|Any CPU.ActiveCfg = Debug|Any CPU
		{EF6D103D-B056-408B-B73A-2ACD6E2C7CBC}.Debug|Any CPU.Build.0 = Debug|Any CPU
		{EF6D103D-B056-408B-B73A-2ACD6E2C7CBC}.Debug|x64.ActiveCfg = Debug|Any CPU
		{EF6D103D-B056-408B-B73A-2ACD6E2C7CBC}.Debug|x64.Build.0 = Debug|Any CPU
		{EF6D103D-B056-408B-B73A-2ACD6E2C7CBC}.Debug|x86.ActiveCfg = Debug|Any CPU
		{EF6D103D-B056-408B-B73A-2ACD6E2C7CBC}.Debug|x86.Build.0 = Debug|Any CPU
		{EF6D103D-B056-408B-B73A-2ACD6E2C7CBC}.Release|Any CPU.ActiveCfg = Release|Any CPU
		{EF6D103D-B056-408B-B73A-2ACD6E2C7CBC}.Release|Any CPU.Build.0 = Release|Any CPU
		{EF6D103D-B056-408B-B73A-2ACD6E2C7CBC}.Release|x64.ActiveCfg = Release|Any CPU
		{EF6D103D-B056-408B-B73A-2ACD6E2C7CBC}.Release|x64.Build.0 = Release|Any CPU
		{EF6D103D-B056-408B-B73A-2ACD6E2C7CBC}.Release|x86.ActiveCfg = Release|Any CPU
		{EF6D103D-B056-408B-B73A-2ACD6E2C7CBC}.Release|x86.Build.0 = Release|Any CPU
		{94CEA958-9268-484C-ACA7-807D7D1FE544}.Debug|Any CPU.ActiveCfg = Debug|Any CPU
		{94CEA958-9268-484C-ACA7-807D7D1FE544}.Debug|Any CPU.Build.0 = Debug|Any CPU
		{94CEA958-9268-484C-ACA7-807D7D1FE544}.Debug|x64.ActiveCfg = Debug|Any CPU
		{94CEA958-9268-484C-ACA7-807D7D1FE544}.Debug|x64.Build.0 = Debug|Any CPU
		{94CEA958-9268-484C-ACA7-807D7D1FE544}.Debug|x86.ActiveCfg = Debug|Any CPU
		{94CEA958-9268-484C-ACA7-807D7D1FE544}.Debug|x86.Build.0 = Debug|Any CPU
		{94CEA958-9268-484C-ACA7-807D7D1FE544}.Release|Any CPU.ActiveCfg = Release|Any CPU
		{94CEA958-9268-484C-ACA7-807D7D1FE544}.Release|Any CPU.Build.0 = Release|Any CPU
		{94CEA958-9268-484C-ACA7-807D7D1FE544}.Release|x64.ActiveCfg = Release|Any CPU
		{94CEA958-9268-484C-ACA7-807D7D1FE544}.Release|x64.Build.0 = Release|Any CPU
		{94CEA958-9268-484C-ACA7-807D7D1FE544}.Release|x86.ActiveCfg = Release|Any CPU
		{94CEA958-9268-484C-ACA7-807D7D1FE544}.Release|x86.Build.0 = Release|Any CPU
		{4A8C49BC-BD81-4A22-B132-8555A6BAAC8C}.Debug|Any CPU.ActiveCfg = Debug|Any CPU
		{4A8C49BC-BD81-4A22-B132-8555A6BAAC8C}.Debug|Any CPU.Build.0 = Debug|Any CPU
		{4A8C49BC-BD81-4A22-B132-8555A6BAAC8C}.Debug|x64.ActiveCfg = Debug|Any CPU
		{4A8C49BC-BD81-4A22-B132-8555A6BAAC8C}.Debug|x64.Build.0 = Debug|Any CPU
		{4A8C49BC-BD81-4A22-B132-8555A6BAAC8C}.Debug|x86.ActiveCfg = Debug|Any CPU
		{4A8C49BC-BD81-4A22-B132-8555A6BAAC8C}.Debug|x86.Build.0 = Debug|Any CPU
		{4A8C49BC-BD81-4A22-B132-8555A6BAAC8C}.Release|Any CPU.ActiveCfg = Release|Any CPU
		{4A8C49BC-BD81-4A22-B132-8555A6BAAC8C}.Release|Any CPU.Build.0 = Release|Any CPU
		{4A8C49BC-BD81-4A22-B132-8555A6BAAC8C}.Release|x64.ActiveCfg = Release|Any CPU
		{4A8C49BC-BD81-4A22-B132-8555A6BAAC8C}.Release|x64.Build.0 = Release|Any CPU
		{4A8C49BC-BD81-4A22-B132-8555A6BAAC8C}.Release|x86.ActiveCfg = Release|Any CPU
		{4A8C49BC-BD81-4A22-B132-8555A6BAAC8C}.Release|x86.Build.0 = Release|Any CPU
		{B4F9BC4D-29BE-4326-83F7-0181B78A447A}.Debug|Any CPU.ActiveCfg = Debug|Any CPU
		{B4F9BC4D-29BE-4326-83F7-0181B78A447A}.Debug|Any CPU.Build.0 = Debug|Any CPU
		{B4F9BC4D-29BE-4326-83F7-0181B78A447A}.Debug|x64.ActiveCfg = Debug|Any CPU
		{B4F9BC4D-29BE-4326-83F7-0181B78A447A}.Debug|x64.Build.0 = Debug|Any CPU
		{B4F9BC4D-29BE-4326-83F7-0181B78A447A}.Debug|x86.ActiveCfg = Debug|Any CPU
		{B4F9BC4D-29BE-4326-83F7-0181B78A447A}.Debug|x86.Build.0 = Debug|Any CPU
		{B4F9BC4D-29BE-4326-83F7-0181B78A447A}.Release|Any CPU.ActiveCfg = Release|Any CPU
		{B4F9BC4D-29BE-4326-83F7-0181B78A447A}.Release|Any CPU.Build.0 = Release|Any CPU
		{B4F9BC4D-29BE-4326-83F7-0181B78A447A}.Release|x64.ActiveCfg = Release|Any CPU
		{B4F9BC4D-29BE-4326-83F7-0181B78A447A}.Release|x64.Build.0 = Release|Any CPU
		{B4F9BC4D-29BE-4326-83F7-0181B78A447A}.Release|x86.ActiveCfg = Release|Any CPU
		{B4F9BC4D-29BE-4326-83F7-0181B78A447A}.Release|x86.Build.0 = Release|Any CPU
		{0A7164B8-26D5-4FA3-A621-E0A78D4A9507}.Debug|Any CPU.ActiveCfg = Debug|Any CPU
		{0A7164B8-26D5-4FA3-A621-E0A78D4A9507}.Debug|Any CPU.Build.0 = Debug|Any CPU
		{0A7164B8-26D5-4FA3-A621-E0A78D4A9507}.Debug|x64.ActiveCfg = Debug|Any CPU
		{0A7164B8-26D5-4FA3-A621-E0A78D4A9507}.Debug|x64.Build.0 = Debug|Any CPU
		{0A7164B8-26D5-4FA3-A621-E0A78D4A9507}.Debug|x86.ActiveCfg = Debug|Any CPU
		{0A7164B8-26D5-4FA3-A621-E0A78D4A9507}.Debug|x86.Build.0 = Debug|Any CPU
		{0A7164B8-26D5-4FA3-A621-E0A78D4A9507}.Release|Any CPU.ActiveCfg = Release|Any CPU
		{0A7164B8-26D5-4FA3-A621-E0A78D4A9507}.Release|Any CPU.Build.0 = Release|Any CPU
		{0A7164B8-26D5-4FA3-A621-E0A78D4A9507}.Release|x64.ActiveCfg = Release|Any CPU
		{0A7164B8-26D5-4FA3-A621-E0A78D4A9507}.Release|x64.Build.0 = Release|Any CPU
		{0A7164B8-26D5-4FA3-A621-E0A78D4A9507}.Release|x86.ActiveCfg = Release|Any CPU
		{0A7164B8-26D5-4FA3-A621-E0A78D4A9507}.Release|x86.Build.0 = Release|Any CPU
		{6D528E26-1AD9-4108-943C-FDBC756421CC}.Debug|Any CPU.ActiveCfg = Debug|Any CPU
		{6D528E26-1AD9-4108-943C-FDBC756421CC}.Debug|Any CPU.Build.0 = Debug|Any CPU
		{6D528E26-1AD9-4108-943C-FDBC756421CC}.Debug|x64.ActiveCfg = Debug|Any CPU
		{6D528E26-1AD9-4108-943C-FDBC756421CC}.Debug|x64.Build.0 = Debug|Any CPU
		{6D528E26-1AD9-4108-943C-FDBC756421CC}.Debug|x86.ActiveCfg = Debug|Any CPU
		{6D528E26-1AD9-4108-943C-FDBC756421CC}.Debug|x86.Build.0 = Debug|Any CPU
		{6D528E26-1AD9-4108-943C-FDBC756421CC}.Release|Any CPU.ActiveCfg = Release|Any CPU
		{6D528E26-1AD9-4108-943C-FDBC756421CC}.Release|Any CPU.Build.0 = Release|Any CPU
		{6D528E26-1AD9-4108-943C-FDBC756421CC}.Release|x64.ActiveCfg = Release|Any CPU
		{6D528E26-1AD9-4108-943C-FDBC756421CC}.Release|x64.Build.0 = Release|Any CPU
		{6D528E26-1AD9-4108-943C-FDBC756421CC}.Release|x86.ActiveCfg = Release|Any CPU
		{6D528E26-1AD9-4108-943C-FDBC756421CC}.Release|x86.Build.0 = Release|Any CPU
		{DEE4DF0B-A69D-4981-A637-5359506E2575}.Debug|Any CPU.ActiveCfg = Debug|Any CPU
		{DEE4DF0B-A69D-4981-A637-5359506E2575}.Debug|Any CPU.Build.0 = Debug|Any CPU
		{DEE4DF0B-A69D-4981-A637-5359506E2575}.Debug|x64.ActiveCfg = Debug|Any CPU
		{DEE4DF0B-A69D-4981-A637-5359506E2575}.Debug|x64.Build.0 = Debug|Any CPU
		{DEE4DF0B-A69D-4981-A637-5359506E2575}.Debug|x86.ActiveCfg = Debug|Any CPU
		{DEE4DF0B-A69D-4981-A637-5359506E2575}.Debug|x86.Build.0 = Debug|Any CPU
		{DEE4DF0B-A69D-4981-A637-5359506E2575}.Release|Any CPU.ActiveCfg = Release|Any CPU
		{DEE4DF0B-A69D-4981-A637-5359506E2575}.Release|Any CPU.Build.0 = Release|Any CPU
		{DEE4DF0B-A69D-4981-A637-5359506E2575}.Release|x64.ActiveCfg = Release|Any CPU
		{DEE4DF0B-A69D-4981-A637-5359506E2575}.Release|x64.Build.0 = Release|Any CPU
		{DEE4DF0B-A69D-4981-A637-5359506E2575}.Release|x86.ActiveCfg = Release|Any CPU
		{DEE4DF0B-A69D-4981-A637-5359506E2575}.Release|x86.Build.0 = Release|Any CPU
		{9D592FAB-EB2B-435C-AB18-B49E59F9AF90}.Debug|Any CPU.ActiveCfg = Debug|Any CPU
		{9D592FAB-EB2B-435C-AB18-B49E59F9AF90}.Debug|Any CPU.Build.0 = Debug|Any CPU
		{9D592FAB-EB2B-435C-AB18-B49E59F9AF90}.Debug|x64.ActiveCfg = Debug|Any CPU
		{9D592FAB-EB2B-435C-AB18-B49E59F9AF90}.Debug|x64.Build.0 = Debug|Any CPU
		{9D592FAB-EB2B-435C-AB18-B49E59F9AF90}.Debug|x86.ActiveCfg = Debug|Any CPU
		{9D592FAB-EB2B-435C-AB18-B49E59F9AF90}.Debug|x86.Build.0 = Debug|Any CPU
		{9D592FAB-EB2B-435C-AB18-B49E59F9AF90}.Release|Any CPU.ActiveCfg = Release|Any CPU
		{9D592FAB-EB2B-435C-AB18-B49E59F9AF90}.Release|Any CPU.Build.0 = Release|Any CPU
		{9D592FAB-EB2B-435C-AB18-B49E59F9AF90}.Release|x64.ActiveCfg = Release|Any CPU
		{9D592FAB-EB2B-435C-AB18-B49E59F9AF90}.Release|x64.Build.0 = Release|Any CPU
		{9D592FAB-EB2B-435C-AB18-B49E59F9AF90}.Release|x86.ActiveCfg = Release|Any CPU
		{9D592FAB-EB2B-435C-AB18-B49E59F9AF90}.Release|x86.Build.0 = Release|Any CPU
		{A1F932E2-7E1D-40C3-A7D4-E166573868B7}.Debug|Any CPU.ActiveCfg = Debug|Any CPU
		{A1F932E2-7E1D-40C3-A7D4-E166573868B7}.Debug|Any CPU.Build.0 = Debug|Any CPU
		{A1F932E2-7E1D-40C3-A7D4-E166573868B7}.Debug|x64.ActiveCfg = Debug|Any CPU
		{A1F932E2-7E1D-40C3-A7D4-E166573868B7}.Debug|x64.Build.0 = Debug|Any CPU
		{A1F932E2-7E1D-40C3-A7D4-E166573868B7}.Debug|x86.ActiveCfg = Debug|Any CPU
		{A1F932E2-7E1D-40C3-A7D4-E166573868B7}.Debug|x86.Build.0 = Debug|Any CPU
		{A1F932E2-7E1D-40C3-A7D4-E166573868B7}.Release|Any CPU.ActiveCfg = Release|Any CPU
		{A1F932E2-7E1D-40C3-A7D4-E166573868B7}.Release|Any CPU.Build.0 = Release|Any CPU
		{A1F932E2-7E1D-40C3-A7D4-E166573868B7}.Release|x64.ActiveCfg = Release|Any CPU
		{A1F932E2-7E1D-40C3-A7D4-E166573868B7}.Release|x64.Build.0 = Release|Any CPU
		{A1F932E2-7E1D-40C3-A7D4-E166573868B7}.Release|x86.ActiveCfg = Release|Any CPU
		{A1F932E2-7E1D-40C3-A7D4-E166573868B7}.Release|x86.Build.0 = Release|Any CPU
		{C4388703-FE8D-4ACE-B93F-00162C2DB01F}.Debug|Any CPU.ActiveCfg = Debug|Any CPU
		{C4388703-FE8D-4ACE-B93F-00162C2DB01F}.Debug|Any CPU.Build.0 = Debug|Any CPU
		{C4388703-FE8D-4ACE-B93F-00162C2DB01F}.Debug|x64.ActiveCfg = Debug|Any CPU
		{C4388703-FE8D-4ACE-B93F-00162C2DB01F}.Debug|x64.Build.0 = Debug|Any CPU
		{C4388703-FE8D-4ACE-B93F-00162C2DB01F}.Debug|x86.ActiveCfg = Debug|Any CPU
		{C4388703-FE8D-4ACE-B93F-00162C2DB01F}.Debug|x86.Build.0 = Debug|Any CPU
		{C4388703-FE8D-4ACE-B93F-00162C2DB01F}.Release|Any CPU.ActiveCfg = Release|Any CPU
		{C4388703-FE8D-4ACE-B93F-00162C2DB01F}.Release|Any CPU.Build.0 = Release|Any CPU
		{C4388703-FE8D-4ACE-B93F-00162C2DB01F}.Release|x64.ActiveCfg = Release|Any CPU
		{C4388703-FE8D-4ACE-B93F-00162C2DB01F}.Release|x64.Build.0 = Release|Any CPU
		{C4388703-FE8D-4ACE-B93F-00162C2DB01F}.Release|x86.ActiveCfg = Release|Any CPU
		{C4388703-FE8D-4ACE-B93F-00162C2DB01F}.Release|x86.Build.0 = Release|Any CPU
		{F4BE89C3-0E66-449C-9E8F-4DDA726C88CC}.Debug|Any CPU.ActiveCfg = Debug|Any CPU
		{F4BE89C3-0E66-449C-9E8F-4DDA726C88CC}.Debug|Any CPU.Build.0 = Debug|Any CPU
		{F4BE89C3-0E66-449C-9E8F-4DDA726C88CC}.Debug|x64.ActiveCfg = Debug|Any CPU
		{F4BE89C3-0E66-449C-9E8F-4DDA726C88CC}.Debug|x64.Build.0 = Debug|Any CPU
		{F4BE89C3-0E66-449C-9E8F-4DDA726C88CC}.Debug|x86.ActiveCfg = Debug|Any CPU
		{F4BE89C3-0E66-449C-9E8F-4DDA726C88CC}.Debug|x86.Build.0 = Debug|Any CPU
		{F4BE89C3-0E66-449C-9E8F-4DDA726C88CC}.Release|Any CPU.ActiveCfg = Release|Any CPU
		{F4BE89C3-0E66-449C-9E8F-4DDA726C88CC}.Release|Any CPU.Build.0 = Release|Any CPU
		{F4BE89C3-0E66-449C-9E8F-4DDA726C88CC}.Release|x64.ActiveCfg = Release|Any CPU
		{F4BE89C3-0E66-449C-9E8F-4DDA726C88CC}.Release|x64.Build.0 = Release|Any CPU
		{F4BE89C3-0E66-449C-9E8F-4DDA726C88CC}.Release|x86.ActiveCfg = Release|Any CPU
		{F4BE89C3-0E66-449C-9E8F-4DDA726C88CC}.Release|x86.Build.0 = Release|Any CPU
		{38DEB245-0FB2-413A-A2C6-D585EDCB9A12}.Debug|Any CPU.ActiveCfg = Debug|Any CPU
		{38DEB245-0FB2-413A-A2C6-D585EDCB9A12}.Debug|Any CPU.Build.0 = Debug|Any CPU
		{38DEB245-0FB2-413A-A2C6-D585EDCB9A12}.Debug|x64.ActiveCfg = Debug|Any CPU
		{38DEB245-0FB2-413A-A2C6-D585EDCB9A12}.Debug|x64.Build.0 = Debug|Any CPU
		{38DEB245-0FB2-413A-A2C6-D585EDCB9A12}.Debug|x86.ActiveCfg = Debug|Any CPU
		{38DEB245-0FB2-413A-A2C6-D585EDCB9A12}.Debug|x86.Build.0 = Debug|Any CPU
		{38DEB245-0FB2-413A-A2C6-D585EDCB9A12}.Release|Any CPU.ActiveCfg = Release|Any CPU
		{38DEB245-0FB2-413A-A2C6-D585EDCB9A12}.Release|Any CPU.Build.0 = Release|Any CPU
		{38DEB245-0FB2-413A-A2C6-D585EDCB9A12}.Release|x64.ActiveCfg = Release|Any CPU
		{38DEB245-0FB2-413A-A2C6-D585EDCB9A12}.Release|x64.Build.0 = Release|Any CPU
		{38DEB245-0FB2-413A-A2C6-D585EDCB9A12}.Release|x86.ActiveCfg = Release|Any CPU
		{38DEB245-0FB2-413A-A2C6-D585EDCB9A12}.Release|x86.Build.0 = Release|Any CPU
		{A3D1D4CD-72AD-428E-999C-A142490129DD}.Debug|Any CPU.ActiveCfg = Debug|Any CPU
		{A3D1D4CD-72AD-428E-999C-A142490129DD}.Debug|Any CPU.Build.0 = Debug|Any CPU
		{A3D1D4CD-72AD-428E-999C-A142490129DD}.Debug|x64.ActiveCfg = Debug|Any CPU
		{A3D1D4CD-72AD-428E-999C-A142490129DD}.Debug|x64.Build.0 = Debug|Any CPU
		{A3D1D4CD-72AD-428E-999C-A142490129DD}.Debug|x86.ActiveCfg = Debug|Any CPU
		{A3D1D4CD-72AD-428E-999C-A142490129DD}.Debug|x86.Build.0 = Debug|Any CPU
		{A3D1D4CD-72AD-428E-999C-A142490129DD}.Release|Any CPU.ActiveCfg = Release|Any CPU
		{A3D1D4CD-72AD-428E-999C-A142490129DD}.Release|Any CPU.Build.0 = Release|Any CPU
		{A3D1D4CD-72AD-428E-999C-A142490129DD}.Release|x64.ActiveCfg = Release|Any CPU
		{A3D1D4CD-72AD-428E-999C-A142490129DD}.Release|x64.Build.0 = Release|Any CPU
		{A3D1D4CD-72AD-428E-999C-A142490129DD}.Release|x86.ActiveCfg = Release|Any CPU
		{A3D1D4CD-72AD-428E-999C-A142490129DD}.Release|x86.Build.0 = Release|Any CPU
		{913F69EE-991B-4249-B647-49F2C9DF57BF}.Debug|Any CPU.ActiveCfg = Debug|Any CPU
		{913F69EE-991B-4249-B647-49F2C9DF57BF}.Debug|Any CPU.Build.0 = Debug|Any CPU
		{913F69EE-991B-4249-B647-49F2C9DF57BF}.Debug|x64.ActiveCfg = Debug|Any CPU
		{913F69EE-991B-4249-B647-49F2C9DF57BF}.Debug|x64.Build.0 = Debug|Any CPU
		{913F69EE-991B-4249-B647-49F2C9DF57BF}.Debug|x86.ActiveCfg = Debug|Any CPU
		{913F69EE-991B-4249-B647-49F2C9DF57BF}.Debug|x86.Build.0 = Debug|Any CPU
		{913F69EE-991B-4249-B647-49F2C9DF57BF}.Release|Any CPU.ActiveCfg = Release|Any CPU
		{913F69EE-991B-4249-B647-49F2C9DF57BF}.Release|Any CPU.Build.0 = Release|Any CPU
		{913F69EE-991B-4249-B647-49F2C9DF57BF}.Release|x64.ActiveCfg = Release|Any CPU
		{913F69EE-991B-4249-B647-49F2C9DF57BF}.Release|x64.Build.0 = Release|Any CPU
		{913F69EE-991B-4249-B647-49F2C9DF57BF}.Release|x86.ActiveCfg = Release|Any CPU
		{913F69EE-991B-4249-B647-49F2C9DF57BF}.Release|x86.Build.0 = Release|Any CPU
		{59436FA6-73C6-4F7F-B23E-B3CC72C2F923}.Debug|Any CPU.ActiveCfg = Debug|Any CPU
		{59436FA6-73C6-4F7F-B23E-B3CC72C2F923}.Debug|Any CPU.Build.0 = Debug|Any CPU
		{59436FA6-73C6-4F7F-B23E-B3CC72C2F923}.Debug|x64.ActiveCfg = Debug|Any CPU
		{59436FA6-73C6-4F7F-B23E-B3CC72C2F923}.Debug|x64.Build.0 = Debug|Any CPU
		{59436FA6-73C6-4F7F-B23E-B3CC72C2F923}.Debug|x86.ActiveCfg = Debug|Any CPU
		{59436FA6-73C6-4F7F-B23E-B3CC72C2F923}.Debug|x86.Build.0 = Debug|Any CPU
		{59436FA6-73C6-4F7F-B23E-B3CC72C2F923}.Release|Any CPU.ActiveCfg = Release|Any CPU
		{59436FA6-73C6-4F7F-B23E-B3CC72C2F923}.Release|Any CPU.Build.0 = Release|Any CPU
		{59436FA6-73C6-4F7F-B23E-B3CC72C2F923}.Release|x64.ActiveCfg = Release|Any CPU
		{59436FA6-73C6-4F7F-B23E-B3CC72C2F923}.Release|x64.Build.0 = Release|Any CPU
		{59436FA6-73C6-4F7F-B23E-B3CC72C2F923}.Release|x86.ActiveCfg = Release|Any CPU
		{59436FA6-73C6-4F7F-B23E-B3CC72C2F923}.Release|x86.Build.0 = Release|Any CPU
		{D000D510-D329-4839-A038-20083CC23277}.Debug|Any CPU.ActiveCfg = Debug|Any CPU
		{D000D510-D329-4839-A038-20083CC23277}.Debug|Any CPU.Build.0 = Debug|Any CPU
		{D000D510-D329-4839-A038-20083CC23277}.Debug|x64.ActiveCfg = Debug|Any CPU
		{D000D510-D329-4839-A038-20083CC23277}.Debug|x64.Build.0 = Debug|Any CPU
		{D000D510-D329-4839-A038-20083CC23277}.Debug|x86.ActiveCfg = Debug|Any CPU
		{D000D510-D329-4839-A038-20083CC23277}.Debug|x86.Build.0 = Debug|Any CPU
		{D000D510-D329-4839-A038-20083CC23277}.Release|Any CPU.ActiveCfg = Release|Any CPU
		{D000D510-D329-4839-A038-20083CC23277}.Release|Any CPU.Build.0 = Release|Any CPU
		{D000D510-D329-4839-A038-20083CC23277}.Release|x64.ActiveCfg = Release|Any CPU
		{D000D510-D329-4839-A038-20083CC23277}.Release|x64.Build.0 = Release|Any CPU
		{D000D510-D329-4839-A038-20083CC23277}.Release|x86.ActiveCfg = Release|Any CPU
		{D000D510-D329-4839-A038-20083CC23277}.Release|x86.Build.0 = Release|Any CPU
		{EDB18CEC-B04B-4497-B1E3-649156735E57}.Debug|Any CPU.ActiveCfg = Debug|Any CPU
		{EDB18CEC-B04B-4497-B1E3-649156735E57}.Debug|Any CPU.Build.0 = Debug|Any CPU
		{EDB18CEC-B04B-4497-B1E3-649156735E57}.Debug|x64.ActiveCfg = Debug|Any CPU
		{EDB18CEC-B04B-4497-B1E3-649156735E57}.Debug|x64.Build.0 = Debug|Any CPU
		{EDB18CEC-B04B-4497-B1E3-649156735E57}.Debug|x86.ActiveCfg = Debug|Any CPU
		{EDB18CEC-B04B-4497-B1E3-649156735E57}.Debug|x86.Build.0 = Debug|Any CPU
		{EDB18CEC-B04B-4497-B1E3-649156735E57}.Release|Any CPU.ActiveCfg = Release|Any CPU
		{EDB18CEC-B04B-4497-B1E3-649156735E57}.Release|Any CPU.Build.0 = Release|Any CPU
		{EDB18CEC-B04B-4497-B1E3-649156735E57}.Release|x64.ActiveCfg = Release|Any CPU
		{EDB18CEC-B04B-4497-B1E3-649156735E57}.Release|x64.Build.0 = Release|Any CPU
		{EDB18CEC-B04B-4497-B1E3-649156735E57}.Release|x86.ActiveCfg = Release|Any CPU
		{EDB18CEC-B04B-4497-B1E3-649156735E57}.Release|x86.Build.0 = Release|Any CPU
		{58323EA3-6E3D-423A-B2A7-C0D846D767B4}.Debug|Any CPU.ActiveCfg = Debug|Any CPU
		{58323EA3-6E3D-423A-B2A7-C0D846D767B4}.Debug|Any CPU.Build.0 = Debug|Any CPU
		{58323EA3-6E3D-423A-B2A7-C0D846D767B4}.Debug|x64.ActiveCfg = Debug|Any CPU
		{58323EA3-6E3D-423A-B2A7-C0D846D767B4}.Debug|x64.Build.0 = Debug|Any CPU
		{58323EA3-6E3D-423A-B2A7-C0D846D767B4}.Debug|x86.ActiveCfg = Debug|Any CPU
		{58323EA3-6E3D-423A-B2A7-C0D846D767B4}.Debug|x86.Build.0 = Debug|Any CPU
		{58323EA3-6E3D-423A-B2A7-C0D846D767B4}.Release|Any CPU.ActiveCfg = Release|Any CPU
		{58323EA3-6E3D-423A-B2A7-C0D846D767B4}.Release|Any CPU.Build.0 = Release|Any CPU
		{58323EA3-6E3D-423A-B2A7-C0D846D767B4}.Release|x64.ActiveCfg = Release|Any CPU
		{58323EA3-6E3D-423A-B2A7-C0D846D767B4}.Release|x64.Build.0 = Release|Any CPU
		{58323EA3-6E3D-423A-B2A7-C0D846D767B4}.Release|x86.ActiveCfg = Release|Any CPU
		{58323EA3-6E3D-423A-B2A7-C0D846D767B4}.Release|x86.Build.0 = Release|Any CPU
		{6FF045FD-89A7-4FD4-B144-42DB4308F832}.Debug|Any CPU.ActiveCfg = Debug|Any CPU
		{6FF045FD-89A7-4FD4-B144-42DB4308F832}.Debug|Any CPU.Build.0 = Debug|Any CPU
		{6FF045FD-89A7-4FD4-B144-42DB4308F832}.Debug|x64.ActiveCfg = Debug|Any CPU
		{6FF045FD-89A7-4FD4-B144-42DB4308F832}.Debug|x64.Build.0 = Debug|Any CPU
		{6FF045FD-89A7-4FD4-B144-42DB4308F832}.Debug|x86.ActiveCfg = Debug|Any CPU
		{6FF045FD-89A7-4FD4-B144-42DB4308F832}.Debug|x86.Build.0 = Debug|Any CPU
		{6FF045FD-89A7-4FD4-B144-42DB4308F832}.Release|Any CPU.ActiveCfg = Release|Any CPU
		{6FF045FD-89A7-4FD4-B144-42DB4308F832}.Release|Any CPU.Build.0 = Release|Any CPU
		{6FF045FD-89A7-4FD4-B144-42DB4308F832}.Release|x64.ActiveCfg = Release|Any CPU
		{6FF045FD-89A7-4FD4-B144-42DB4308F832}.Release|x64.Build.0 = Release|Any CPU
		{6FF045FD-89A7-4FD4-B144-42DB4308F832}.Release|x86.ActiveCfg = Release|Any CPU
		{6FF045FD-89A7-4FD4-B144-42DB4308F832}.Release|x86.Build.0 = Release|Any CPU
		{815C8C13-A6D2-403D-81CF-50B06261F016}.Debug|Any CPU.ActiveCfg = Debug|Any CPU
		{815C8C13-A6D2-403D-81CF-50B06261F016}.Debug|Any CPU.Build.0 = Debug|Any CPU
		{815C8C13-A6D2-403D-81CF-50B06261F016}.Debug|x64.ActiveCfg = Debug|Any CPU
		{815C8C13-A6D2-403D-81CF-50B06261F016}.Debug|x64.Build.0 = Debug|Any CPU
		{815C8C13-A6D2-403D-81CF-50B06261F016}.Debug|x86.ActiveCfg = Debug|Any CPU
		{815C8C13-A6D2-403D-81CF-50B06261F016}.Debug|x86.Build.0 = Debug|Any CPU
		{815C8C13-A6D2-403D-81CF-50B06261F016}.Release|Any CPU.ActiveCfg = Release|Any CPU
		{815C8C13-A6D2-403D-81CF-50B06261F016}.Release|Any CPU.Build.0 = Release|Any CPU
		{815C8C13-A6D2-403D-81CF-50B06261F016}.Release|x64.ActiveCfg = Release|Any CPU
		{815C8C13-A6D2-403D-81CF-50B06261F016}.Release|x64.Build.0 = Release|Any CPU
		{815C8C13-A6D2-403D-81CF-50B06261F016}.Release|x86.ActiveCfg = Release|Any CPU
		{815C8C13-A6D2-403D-81CF-50B06261F016}.Release|x86.Build.0 = Release|Any CPU
		{0251659B-5141-4363-8269-BBECD1D145DB}.Debug|Any CPU.ActiveCfg = Debug|Any CPU
		{0251659B-5141-4363-8269-BBECD1D145DB}.Debug|Any CPU.Build.0 = Debug|Any CPU
		{0251659B-5141-4363-8269-BBECD1D145DB}.Debug|x64.ActiveCfg = Debug|Any CPU
		{0251659B-5141-4363-8269-BBECD1D145DB}.Debug|x64.Build.0 = Debug|Any CPU
		{0251659B-5141-4363-8269-BBECD1D145DB}.Debug|x86.ActiveCfg = Debug|Any CPU
		{0251659B-5141-4363-8269-BBECD1D145DB}.Debug|x86.Build.0 = Debug|Any CPU
		{0251659B-5141-4363-8269-BBECD1D145DB}.Release|Any CPU.ActiveCfg = Release|Any CPU
		{0251659B-5141-4363-8269-BBECD1D145DB}.Release|Any CPU.Build.0 = Release|Any CPU
		{0251659B-5141-4363-8269-BBECD1D145DB}.Release|x64.ActiveCfg = Release|Any CPU
		{0251659B-5141-4363-8269-BBECD1D145DB}.Release|x64.Build.0 = Release|Any CPU
		{0251659B-5141-4363-8269-BBECD1D145DB}.Release|x86.ActiveCfg = Release|Any CPU
		{0251659B-5141-4363-8269-BBECD1D145DB}.Release|x86.Build.0 = Release|Any CPU
		{558A40B4-B6F8-4FC0-BF0C-D1DDC59B3290}.Debug|Any CPU.ActiveCfg = Debug|Any CPU
		{558A40B4-B6F8-4FC0-BF0C-D1DDC59B3290}.Debug|Any CPU.Build.0 = Debug|Any CPU
		{558A40B4-B6F8-4FC0-BF0C-D1DDC59B3290}.Debug|x64.ActiveCfg = Debug|Any CPU
		{558A40B4-B6F8-4FC0-BF0C-D1DDC59B3290}.Debug|x64.Build.0 = Debug|Any CPU
		{558A40B4-B6F8-4FC0-BF0C-D1DDC59B3290}.Debug|x86.ActiveCfg = Debug|Any CPU
		{558A40B4-B6F8-4FC0-BF0C-D1DDC59B3290}.Debug|x86.Build.0 = Debug|Any CPU
		{558A40B4-B6F8-4FC0-BF0C-D1DDC59B3290}.Release|Any CPU.ActiveCfg = Release|Any CPU
		{558A40B4-B6F8-4FC0-BF0C-D1DDC59B3290}.Release|Any CPU.Build.0 = Release|Any CPU
		{558A40B4-B6F8-4FC0-BF0C-D1DDC59B3290}.Release|x64.ActiveCfg = Release|Any CPU
		{558A40B4-B6F8-4FC0-BF0C-D1DDC59B3290}.Release|x64.Build.0 = Release|Any CPU
		{558A40B4-B6F8-4FC0-BF0C-D1DDC59B3290}.Release|x86.ActiveCfg = Release|Any CPU
		{558A40B4-B6F8-4FC0-BF0C-D1DDC59B3290}.Release|x86.Build.0 = Release|Any CPU
		{BFAE88DF-1580-43BD-9813-0575D097A05A}.Debug|Any CPU.ActiveCfg = Debug|Any CPU
		{BFAE88DF-1580-43BD-9813-0575D097A05A}.Debug|Any CPU.Build.0 = Debug|Any CPU
		{BFAE88DF-1580-43BD-9813-0575D097A05A}.Debug|x64.ActiveCfg = Debug|Any CPU
		{BFAE88DF-1580-43BD-9813-0575D097A05A}.Debug|x64.Build.0 = Debug|Any CPU
		{BFAE88DF-1580-43BD-9813-0575D097A05A}.Debug|x86.ActiveCfg = Debug|Any CPU
		{BFAE88DF-1580-43BD-9813-0575D097A05A}.Debug|x86.Build.0 = Debug|Any CPU
		{BFAE88DF-1580-43BD-9813-0575D097A05A}.Release|Any CPU.ActiveCfg = Release|Any CPU
		{BFAE88DF-1580-43BD-9813-0575D097A05A}.Release|Any CPU.Build.0 = Release|Any CPU
		{BFAE88DF-1580-43BD-9813-0575D097A05A}.Release|x64.ActiveCfg = Release|Any CPU
		{BFAE88DF-1580-43BD-9813-0575D097A05A}.Release|x64.Build.0 = Release|Any CPU
		{BFAE88DF-1580-43BD-9813-0575D097A05A}.Release|x86.ActiveCfg = Release|Any CPU
		{BFAE88DF-1580-43BD-9813-0575D097A05A}.Release|x86.Build.0 = Release|Any CPU
		{C68AEF12-903F-445C-8859-B99B19D695AA}.Debug|Any CPU.ActiveCfg = Debug|Any CPU
		{C68AEF12-903F-445C-8859-B99B19D695AA}.Debug|Any CPU.Build.0 = Debug|Any CPU
		{C68AEF12-903F-445C-8859-B99B19D695AA}.Debug|x64.ActiveCfg = Debug|Any CPU
		{C68AEF12-903F-445C-8859-B99B19D695AA}.Debug|x64.Build.0 = Debug|Any CPU
		{C68AEF12-903F-445C-8859-B99B19D695AA}.Debug|x86.ActiveCfg = Debug|Any CPU
		{C68AEF12-903F-445C-8859-B99B19D695AA}.Debug|x86.Build.0 = Debug|Any CPU
		{C68AEF12-903F-445C-8859-B99B19D695AA}.Release|Any CPU.ActiveCfg = Release|Any CPU
		{C68AEF12-903F-445C-8859-B99B19D695AA}.Release|Any CPU.Build.0 = Release|Any CPU
		{C68AEF12-903F-445C-8859-B99B19D695AA}.Release|x64.ActiveCfg = Release|Any CPU
		{C68AEF12-903F-445C-8859-B99B19D695AA}.Release|x64.Build.0 = Release|Any CPU
		{C68AEF12-903F-445C-8859-B99B19D695AA}.Release|x86.ActiveCfg = Release|Any CPU
		{C68AEF12-903F-445C-8859-B99B19D695AA}.Release|x86.Build.0 = Release|Any CPU
		{7093DF7A-8225-466A-BC40-0600107B1C9B}.Debug|Any CPU.ActiveCfg = Debug|Any CPU
		{7093DF7A-8225-466A-BC40-0600107B1C9B}.Debug|Any CPU.Build.0 = Debug|Any CPU
		{7093DF7A-8225-466A-BC40-0600107B1C9B}.Debug|x64.ActiveCfg = Debug|Any CPU
		{7093DF7A-8225-466A-BC40-0600107B1C9B}.Debug|x64.Build.0 = Debug|Any CPU
		{7093DF7A-8225-466A-BC40-0600107B1C9B}.Debug|x86.ActiveCfg = Debug|Any CPU
		{7093DF7A-8225-466A-BC40-0600107B1C9B}.Debug|x86.Build.0 = Debug|Any CPU
		{7093DF7A-8225-466A-BC40-0600107B1C9B}.Release|Any CPU.ActiveCfg = Release|Any CPU
		{7093DF7A-8225-466A-BC40-0600107B1C9B}.Release|Any CPU.Build.0 = Release|Any CPU
		{7093DF7A-8225-466A-BC40-0600107B1C9B}.Release|x64.ActiveCfg = Release|Any CPU
		{7093DF7A-8225-466A-BC40-0600107B1C9B}.Release|x64.Build.0 = Release|Any CPU
		{7093DF7A-8225-466A-BC40-0600107B1C9B}.Release|x86.ActiveCfg = Release|Any CPU
		{7093DF7A-8225-466A-BC40-0600107B1C9B}.Release|x86.Build.0 = Release|Any CPU
		{B2AB2E8F-DE5C-47FC-9E7C-F108F547B5C3}.Debug|Any CPU.ActiveCfg = Debug|Any CPU
		{B2AB2E8F-DE5C-47FC-9E7C-F108F547B5C3}.Debug|Any CPU.Build.0 = Debug|Any CPU
		{B2AB2E8F-DE5C-47FC-9E7C-F108F547B5C3}.Debug|x64.ActiveCfg = Debug|Any CPU
		{B2AB2E8F-DE5C-47FC-9E7C-F108F547B5C3}.Debug|x64.Build.0 = Debug|Any CPU
		{B2AB2E8F-DE5C-47FC-9E7C-F108F547B5C3}.Debug|x86.ActiveCfg = Debug|Any CPU
		{B2AB2E8F-DE5C-47FC-9E7C-F108F547B5C3}.Debug|x86.Build.0 = Debug|Any CPU
		{B2AB2E8F-DE5C-47FC-9E7C-F108F547B5C3}.Release|Any CPU.ActiveCfg = Release|Any CPU
		{B2AB2E8F-DE5C-47FC-9E7C-F108F547B5C3}.Release|Any CPU.Build.0 = Release|Any CPU
		{B2AB2E8F-DE5C-47FC-9E7C-F108F547B5C3}.Release|x64.ActiveCfg = Release|Any CPU
		{B2AB2E8F-DE5C-47FC-9E7C-F108F547B5C3}.Release|x64.Build.0 = Release|Any CPU
		{B2AB2E8F-DE5C-47FC-9E7C-F108F547B5C3}.Release|x86.ActiveCfg = Release|Any CPU
		{B2AB2E8F-DE5C-47FC-9E7C-F108F547B5C3}.Release|x86.Build.0 = Release|Any CPU
		{8A7147D7-D405-4706-A4B8-E68AF2BBBE5F}.Debug|Any CPU.ActiveCfg = Debug|Any CPU
		{8A7147D7-D405-4706-A4B8-E68AF2BBBE5F}.Debug|Any CPU.Build.0 = Debug|Any CPU
		{8A7147D7-D405-4706-A4B8-E68AF2BBBE5F}.Debug|x64.ActiveCfg = Debug|Any CPU
		{8A7147D7-D405-4706-A4B8-E68AF2BBBE5F}.Debug|x64.Build.0 = Debug|Any CPU
		{8A7147D7-D405-4706-A4B8-E68AF2BBBE5F}.Debug|x86.ActiveCfg = Debug|Any CPU
		{8A7147D7-D405-4706-A4B8-E68AF2BBBE5F}.Debug|x86.Build.0 = Debug|Any CPU
		{8A7147D7-D405-4706-A4B8-E68AF2BBBE5F}.Release|Any CPU.ActiveCfg = Release|Any CPU
		{8A7147D7-D405-4706-A4B8-E68AF2BBBE5F}.Release|Any CPU.Build.0 = Release|Any CPU
		{8A7147D7-D405-4706-A4B8-E68AF2BBBE5F}.Release|x64.ActiveCfg = Release|Any CPU
		{8A7147D7-D405-4706-A4B8-E68AF2BBBE5F}.Release|x64.Build.0 = Release|Any CPU
		{8A7147D7-D405-4706-A4B8-E68AF2BBBE5F}.Release|x86.ActiveCfg = Release|Any CPU
		{8A7147D7-D405-4706-A4B8-E68AF2BBBE5F}.Release|x86.Build.0 = Release|Any CPU
		{BA668E2D-EE54-41F6-BD5B-76698A079AE7}.Debug|Any CPU.ActiveCfg = Debug|Any CPU
		{BA668E2D-EE54-41F6-BD5B-76698A079AE7}.Debug|Any CPU.Build.0 = Debug|Any CPU
		{BA668E2D-EE54-41F6-BD5B-76698A079AE7}.Debug|x64.ActiveCfg = Debug|Any CPU
		{BA668E2D-EE54-41F6-BD5B-76698A079AE7}.Debug|x64.Build.0 = Debug|Any CPU
		{BA668E2D-EE54-41F6-BD5B-76698A079AE7}.Debug|x86.ActiveCfg = Debug|Any CPU
		{BA668E2D-EE54-41F6-BD5B-76698A079AE7}.Debug|x86.Build.0 = Debug|Any CPU
		{BA668E2D-EE54-41F6-BD5B-76698A079AE7}.Release|Any CPU.ActiveCfg = Release|Any CPU
		{BA668E2D-EE54-41F6-BD5B-76698A079AE7}.Release|Any CPU.Build.0 = Release|Any CPU
		{BA668E2D-EE54-41F6-BD5B-76698A079AE7}.Release|x64.ActiveCfg = Release|Any CPU
		{BA668E2D-EE54-41F6-BD5B-76698A079AE7}.Release|x64.Build.0 = Release|Any CPU
		{BA668E2D-EE54-41F6-BD5B-76698A079AE7}.Release|x86.ActiveCfg = Release|Any CPU
		{BA668E2D-EE54-41F6-BD5B-76698A079AE7}.Release|x86.Build.0 = Release|Any CPU
		{A4AC0DB5-3F96-4E83-8473-802BB28FD6A1}.Debug|Any CPU.ActiveCfg = Debug|Any CPU
		{A4AC0DB5-3F96-4E83-8473-802BB28FD6A1}.Debug|Any CPU.Build.0 = Debug|Any CPU
		{A4AC0DB5-3F96-4E83-8473-802BB28FD6A1}.Debug|x64.ActiveCfg = Debug|Any CPU
		{A4AC0DB5-3F96-4E83-8473-802BB28FD6A1}.Debug|x64.Build.0 = Debug|Any CPU
		{A4AC0DB5-3F96-4E83-8473-802BB28FD6A1}.Debug|x86.ActiveCfg = Debug|Any CPU
		{A4AC0DB5-3F96-4E83-8473-802BB28FD6A1}.Debug|x86.Build.0 = Debug|Any CPU
		{A4AC0DB5-3F96-4E83-8473-802BB28FD6A1}.Release|Any CPU.ActiveCfg = Release|Any CPU
		{A4AC0DB5-3F96-4E83-8473-802BB28FD6A1}.Release|Any CPU.Build.0 = Release|Any CPU
		{A4AC0DB5-3F96-4E83-8473-802BB28FD6A1}.Release|x64.ActiveCfg = Release|Any CPU
		{A4AC0DB5-3F96-4E83-8473-802BB28FD6A1}.Release|x64.Build.0 = Release|Any CPU
		{A4AC0DB5-3F96-4E83-8473-802BB28FD6A1}.Release|x86.ActiveCfg = Release|Any CPU
		{A4AC0DB5-3F96-4E83-8473-802BB28FD6A1}.Release|x86.Build.0 = Release|Any CPU
		{ED9D0D52-D60E-404E-98AE-036361C7EECC}.Debug|Any CPU.ActiveCfg = Debug|Any CPU
		{ED9D0D52-D60E-404E-98AE-036361C7EECC}.Debug|Any CPU.Build.0 = Debug|Any CPU
		{ED9D0D52-D60E-404E-98AE-036361C7EECC}.Debug|x64.ActiveCfg = Debug|Any CPU
		{ED9D0D52-D60E-404E-98AE-036361C7EECC}.Debug|x64.Build.0 = Debug|Any CPU
		{ED9D0D52-D60E-404E-98AE-036361C7EECC}.Debug|x86.ActiveCfg = Debug|Any CPU
		{ED9D0D52-D60E-404E-98AE-036361C7EECC}.Debug|x86.Build.0 = Debug|Any CPU
		{ED9D0D52-D60E-404E-98AE-036361C7EECC}.Release|Any CPU.ActiveCfg = Release|Any CPU
		{ED9D0D52-D60E-404E-98AE-036361C7EECC}.Release|Any CPU.Build.0 = Release|Any CPU
		{ED9D0D52-D60E-404E-98AE-036361C7EECC}.Release|x64.ActiveCfg = Release|Any CPU
		{ED9D0D52-D60E-404E-98AE-036361C7EECC}.Release|x64.Build.0 = Release|Any CPU
		{ED9D0D52-D60E-404E-98AE-036361C7EECC}.Release|x86.ActiveCfg = Release|Any CPU
		{ED9D0D52-D60E-404E-98AE-036361C7EECC}.Release|x86.Build.0 = Release|Any CPU
		{D616EACE-7FC0-4FAE-9B11-49351BF205EB}.Debug|Any CPU.ActiveCfg = Debug|Any CPU
		{D616EACE-7FC0-4FAE-9B11-49351BF205EB}.Debug|Any CPU.Build.0 = Debug|Any CPU
		{D616EACE-7FC0-4FAE-9B11-49351BF205EB}.Debug|x64.ActiveCfg = Debug|Any CPU
		{D616EACE-7FC0-4FAE-9B11-49351BF205EB}.Debug|x64.Build.0 = Debug|Any CPU
		{D616EACE-7FC0-4FAE-9B11-49351BF205EB}.Debug|x86.ActiveCfg = Debug|Any CPU
		{D616EACE-7FC0-4FAE-9B11-49351BF205EB}.Debug|x86.Build.0 = Debug|Any CPU
		{D616EACE-7FC0-4FAE-9B11-49351BF205EB}.Release|Any CPU.ActiveCfg = Release|Any CPU
		{D616EACE-7FC0-4FAE-9B11-49351BF205EB}.Release|Any CPU.Build.0 = Release|Any CPU
		{D616EACE-7FC0-4FAE-9B11-49351BF205EB}.Release|x64.ActiveCfg = Release|Any CPU
		{D616EACE-7FC0-4FAE-9B11-49351BF205EB}.Release|x64.Build.0 = Release|Any CPU
		{D616EACE-7FC0-4FAE-9B11-49351BF205EB}.Release|x86.ActiveCfg = Release|Any CPU
		{D616EACE-7FC0-4FAE-9B11-49351BF205EB}.Release|x86.Build.0 = Release|Any CPU
		{511D67B7-6A9F-4A7B-B455-27C373B575B8}.Debug|Any CPU.ActiveCfg = Debug|Any CPU
		{511D67B7-6A9F-4A7B-B455-27C373B575B8}.Debug|Any CPU.Build.0 = Debug|Any CPU
		{511D67B7-6A9F-4A7B-B455-27C373B575B8}.Debug|x64.ActiveCfg = Debug|Any CPU
		{511D67B7-6A9F-4A7B-B455-27C373B575B8}.Debug|x64.Build.0 = Debug|Any CPU
		{511D67B7-6A9F-4A7B-B455-27C373B575B8}.Debug|x86.ActiveCfg = Debug|Any CPU
		{511D67B7-6A9F-4A7B-B455-27C373B575B8}.Debug|x86.Build.0 = Debug|Any CPU
		{511D67B7-6A9F-4A7B-B455-27C373B575B8}.Release|Any CPU.ActiveCfg = Release|Any CPU
		{511D67B7-6A9F-4A7B-B455-27C373B575B8}.Release|Any CPU.Build.0 = Release|Any CPU
		{511D67B7-6A9F-4A7B-B455-27C373B575B8}.Release|x64.ActiveCfg = Release|Any CPU
		{511D67B7-6A9F-4A7B-B455-27C373B575B8}.Release|x64.Build.0 = Release|Any CPU
		{511D67B7-6A9F-4A7B-B455-27C373B575B8}.Release|x86.ActiveCfg = Release|Any CPU
		{511D67B7-6A9F-4A7B-B455-27C373B575B8}.Release|x86.Build.0 = Release|Any CPU
		{830AE1C3-153F-47A5-8C97-47D8DBB9069B}.Debug|Any CPU.ActiveCfg = Debug|Any CPU
		{830AE1C3-153F-47A5-8C97-47D8DBB9069B}.Debug|Any CPU.Build.0 = Debug|Any CPU
		{830AE1C3-153F-47A5-8C97-47D8DBB9069B}.Debug|x64.ActiveCfg = Debug|Any CPU
		{830AE1C3-153F-47A5-8C97-47D8DBB9069B}.Debug|x64.Build.0 = Debug|Any CPU
		{830AE1C3-153F-47A5-8C97-47D8DBB9069B}.Debug|x86.ActiveCfg = Debug|Any CPU
		{830AE1C3-153F-47A5-8C97-47D8DBB9069B}.Debug|x86.Build.0 = Debug|Any CPU
		{830AE1C3-153F-47A5-8C97-47D8DBB9069B}.Release|Any CPU.ActiveCfg = Release|Any CPU
		{830AE1C3-153F-47A5-8C97-47D8DBB9069B}.Release|Any CPU.Build.0 = Release|Any CPU
		{830AE1C3-153F-47A5-8C97-47D8DBB9069B}.Release|x64.ActiveCfg = Release|Any CPU
		{830AE1C3-153F-47A5-8C97-47D8DBB9069B}.Release|x64.Build.0 = Release|Any CPU
		{830AE1C3-153F-47A5-8C97-47D8DBB9069B}.Release|x86.ActiveCfg = Release|Any CPU
		{830AE1C3-153F-47A5-8C97-47D8DBB9069B}.Release|x86.Build.0 = Release|Any CPU
		{F49C4875-3D64-4D2C-8ABE-39A1CCC134BA}.Debug|Any CPU.ActiveCfg = Debug|Any CPU
		{F49C4875-3D64-4D2C-8ABE-39A1CCC134BA}.Debug|Any CPU.Build.0 = Debug|Any CPU
		{F49C4875-3D64-4D2C-8ABE-39A1CCC134BA}.Debug|x64.ActiveCfg = Debug|Any CPU
		{F49C4875-3D64-4D2C-8ABE-39A1CCC134BA}.Debug|x64.Build.0 = Debug|Any CPU
		{F49C4875-3D64-4D2C-8ABE-39A1CCC134BA}.Debug|x86.ActiveCfg = Debug|Any CPU
		{F49C4875-3D64-4D2C-8ABE-39A1CCC134BA}.Debug|x86.Build.0 = Debug|Any CPU
		{F49C4875-3D64-4D2C-8ABE-39A1CCC134BA}.Release|Any CPU.ActiveCfg = Release|Any CPU
		{F49C4875-3D64-4D2C-8ABE-39A1CCC134BA}.Release|Any CPU.Build.0 = Release|Any CPU
		{F49C4875-3D64-4D2C-8ABE-39A1CCC134BA}.Release|x64.ActiveCfg = Release|Any CPU
		{F49C4875-3D64-4D2C-8ABE-39A1CCC134BA}.Release|x64.Build.0 = Release|Any CPU
		{F49C4875-3D64-4D2C-8ABE-39A1CCC134BA}.Release|x86.ActiveCfg = Release|Any CPU
		{F49C4875-3D64-4D2C-8ABE-39A1CCC134BA}.Release|x86.Build.0 = Release|Any CPU
		{99EED0C6-AA90-4698-BE95-6BAFCB38B7B4}.Debug|Any CPU.ActiveCfg = Debug|Any CPU
		{99EED0C6-AA90-4698-BE95-6BAFCB38B7B4}.Debug|Any CPU.Build.0 = Debug|Any CPU
		{99EED0C6-AA90-4698-BE95-6BAFCB38B7B4}.Debug|x64.ActiveCfg = Debug|Any CPU
		{99EED0C6-AA90-4698-BE95-6BAFCB38B7B4}.Debug|x64.Build.0 = Debug|Any CPU
		{99EED0C6-AA90-4698-BE95-6BAFCB38B7B4}.Debug|x86.ActiveCfg = Debug|Any CPU
		{99EED0C6-AA90-4698-BE95-6BAFCB38B7B4}.Debug|x86.Build.0 = Debug|Any CPU
		{99EED0C6-AA90-4698-BE95-6BAFCB38B7B4}.Release|Any CPU.ActiveCfg = Release|Any CPU
		{99EED0C6-AA90-4698-BE95-6BAFCB38B7B4}.Release|Any CPU.Build.0 = Release|Any CPU
		{99EED0C6-AA90-4698-BE95-6BAFCB38B7B4}.Release|x64.ActiveCfg = Release|Any CPU
		{99EED0C6-AA90-4698-BE95-6BAFCB38B7B4}.Release|x64.Build.0 = Release|Any CPU
		{99EED0C6-AA90-4698-BE95-6BAFCB38B7B4}.Release|x86.ActiveCfg = Release|Any CPU
		{99EED0C6-AA90-4698-BE95-6BAFCB38B7B4}.Release|x86.Build.0 = Release|Any CPU
		{E35AB351-BA89-4993-A270-58829692E8C0}.Debug|Any CPU.ActiveCfg = Debug|Any CPU
		{E35AB351-BA89-4993-A270-58829692E8C0}.Debug|Any CPU.Build.0 = Debug|Any CPU
		{E35AB351-BA89-4993-A270-58829692E8C0}.Debug|x64.ActiveCfg = Debug|Any CPU
		{E35AB351-BA89-4993-A270-58829692E8C0}.Debug|x64.Build.0 = Debug|Any CPU
		{E35AB351-BA89-4993-A270-58829692E8C0}.Debug|x86.ActiveCfg = Debug|Any CPU
		{E35AB351-BA89-4993-A270-58829692E8C0}.Debug|x86.Build.0 = Debug|Any CPU
		{E35AB351-BA89-4993-A270-58829692E8C0}.Release|Any CPU.ActiveCfg = Release|Any CPU
		{E35AB351-BA89-4993-A270-58829692E8C0}.Release|Any CPU.Build.0 = Release|Any CPU
		{E35AB351-BA89-4993-A270-58829692E8C0}.Release|x64.ActiveCfg = Release|Any CPU
		{E35AB351-BA89-4993-A270-58829692E8C0}.Release|x64.Build.0 = Release|Any CPU
		{E35AB351-BA89-4993-A270-58829692E8C0}.Release|x86.ActiveCfg = Release|Any CPU
		{E35AB351-BA89-4993-A270-58829692E8C0}.Release|x86.Build.0 = Release|Any CPU
		{BC70DF05-BEFD-4385-AF87-CE2150789C66}.Debug|Any CPU.ActiveCfg = Debug|Any CPU
		{BC70DF05-BEFD-4385-AF87-CE2150789C66}.Debug|Any CPU.Build.0 = Debug|Any CPU
		{BC70DF05-BEFD-4385-AF87-CE2150789C66}.Debug|x64.ActiveCfg = Debug|Any CPU
		{BC70DF05-BEFD-4385-AF87-CE2150789C66}.Debug|x64.Build.0 = Debug|Any CPU
		{BC70DF05-BEFD-4385-AF87-CE2150789C66}.Debug|x86.ActiveCfg = Debug|Any CPU
		{BC70DF05-BEFD-4385-AF87-CE2150789C66}.Debug|x86.Build.0 = Debug|Any CPU
		{BC70DF05-BEFD-4385-AF87-CE2150789C66}.Release|Any CPU.ActiveCfg = Release|Any CPU
		{BC70DF05-BEFD-4385-AF87-CE2150789C66}.Release|Any CPU.Build.0 = Release|Any CPU
		{BC70DF05-BEFD-4385-AF87-CE2150789C66}.Release|x64.ActiveCfg = Release|Any CPU
		{BC70DF05-BEFD-4385-AF87-CE2150789C66}.Release|x64.Build.0 = Release|Any CPU
		{BC70DF05-BEFD-4385-AF87-CE2150789C66}.Release|x86.ActiveCfg = Release|Any CPU
		{BC70DF05-BEFD-4385-AF87-CE2150789C66}.Release|x86.Build.0 = Release|Any CPU
		{4978E552-2E6B-488F-9C13-FA1A97A8873C}.Debug|Any CPU.ActiveCfg = Debug|Any CPU
		{4978E552-2E6B-488F-9C13-FA1A97A8873C}.Debug|Any CPU.Build.0 = Debug|Any CPU
		{4978E552-2E6B-488F-9C13-FA1A97A8873C}.Debug|x64.ActiveCfg = Debug|Any CPU
		{4978E552-2E6B-488F-9C13-FA1A97A8873C}.Debug|x64.Build.0 = Debug|Any CPU
		{4978E552-2E6B-488F-9C13-FA1A97A8873C}.Debug|x86.ActiveCfg = Debug|Any CPU
		{4978E552-2E6B-488F-9C13-FA1A97A8873C}.Debug|x86.Build.0 = Debug|Any CPU
		{4978E552-2E6B-488F-9C13-FA1A97A8873C}.Release|Any CPU.ActiveCfg = Release|Any CPU
		{4978E552-2E6B-488F-9C13-FA1A97A8873C}.Release|Any CPU.Build.0 = Release|Any CPU
		{4978E552-2E6B-488F-9C13-FA1A97A8873C}.Release|x64.ActiveCfg = Release|Any CPU
		{4978E552-2E6B-488F-9C13-FA1A97A8873C}.Release|x64.Build.0 = Release|Any CPU
		{4978E552-2E6B-488F-9C13-FA1A97A8873C}.Release|x86.ActiveCfg = Release|Any CPU
		{4978E552-2E6B-488F-9C13-FA1A97A8873C}.Release|x86.Build.0 = Release|Any CPU
		{0BC8E53E-B7A5-4739-BF42-A933A3DA6E72}.Debug|Any CPU.ActiveCfg = Debug|Any CPU
		{0BC8E53E-B7A5-4739-BF42-A933A3DA6E72}.Debug|Any CPU.Build.0 = Debug|Any CPU
		{0BC8E53E-B7A5-4739-BF42-A933A3DA6E72}.Debug|x64.ActiveCfg = Debug|Any CPU
		{0BC8E53E-B7A5-4739-BF42-A933A3DA6E72}.Debug|x64.Build.0 = Debug|Any CPU
		{0BC8E53E-B7A5-4739-BF42-A933A3DA6E72}.Debug|x86.ActiveCfg = Debug|Any CPU
		{0BC8E53E-B7A5-4739-BF42-A933A3DA6E72}.Debug|x86.Build.0 = Debug|Any CPU
		{0BC8E53E-B7A5-4739-BF42-A933A3DA6E72}.Release|Any CPU.ActiveCfg = Release|Any CPU
		{0BC8E53E-B7A5-4739-BF42-A933A3DA6E72}.Release|Any CPU.Build.0 = Release|Any CPU
		{0BC8E53E-B7A5-4739-BF42-A933A3DA6E72}.Release|x64.ActiveCfg = Release|Any CPU
		{0BC8E53E-B7A5-4739-BF42-A933A3DA6E72}.Release|x64.Build.0 = Release|Any CPU
		{0BC8E53E-B7A5-4739-BF42-A933A3DA6E72}.Release|x86.ActiveCfg = Release|Any CPU
		{0BC8E53E-B7A5-4739-BF42-A933A3DA6E72}.Release|x86.Build.0 = Release|Any CPU
		{FF06FC67-BEB2-4064-8B50-97B195480403}.Debug|Any CPU.ActiveCfg = Debug|Any CPU
		{FF06FC67-BEB2-4064-8B50-97B195480403}.Debug|Any CPU.Build.0 = Debug|Any CPU
		{FF06FC67-BEB2-4064-8B50-97B195480403}.Debug|x64.ActiveCfg = Debug|Any CPU
		{FF06FC67-BEB2-4064-8B50-97B195480403}.Debug|x64.Build.0 = Debug|Any CPU
		{FF06FC67-BEB2-4064-8B50-97B195480403}.Debug|x86.ActiveCfg = Debug|Any CPU
		{FF06FC67-BEB2-4064-8B50-97B195480403}.Debug|x86.Build.0 = Debug|Any CPU
		{FF06FC67-BEB2-4064-8B50-97B195480403}.Release|Any CPU.ActiveCfg = Release|Any CPU
		{FF06FC67-BEB2-4064-8B50-97B195480403}.Release|Any CPU.Build.0 = Release|Any CPU
		{FF06FC67-BEB2-4064-8B50-97B195480403}.Release|x64.ActiveCfg = Release|Any CPU
		{FF06FC67-BEB2-4064-8B50-97B195480403}.Release|x64.Build.0 = Release|Any CPU
		{FF06FC67-BEB2-4064-8B50-97B195480403}.Release|x86.ActiveCfg = Release|Any CPU
		{FF06FC67-BEB2-4064-8B50-97B195480403}.Release|x86.Build.0 = Release|Any CPU
		{03E62AE2-C0F3-4F7A-A6C6-47BD5A2EB6D9}.Debug|Any CPU.ActiveCfg = Debug|Any CPU
		{03E62AE2-C0F3-4F7A-A6C6-47BD5A2EB6D9}.Debug|Any CPU.Build.0 = Debug|Any CPU
		{03E62AE2-C0F3-4F7A-A6C6-47BD5A2EB6D9}.Debug|x64.ActiveCfg = Debug|Any CPU
		{03E62AE2-C0F3-4F7A-A6C6-47BD5A2EB6D9}.Debug|x64.Build.0 = Debug|Any CPU
		{03E62AE2-C0F3-4F7A-A6C6-47BD5A2EB6D9}.Debug|x86.ActiveCfg = Debug|Any CPU
		{03E62AE2-C0F3-4F7A-A6C6-47BD5A2EB6D9}.Debug|x86.Build.0 = Debug|Any CPU
		{03E62AE2-C0F3-4F7A-A6C6-47BD5A2EB6D9}.Release|Any CPU.ActiveCfg = Release|Any CPU
		{03E62AE2-C0F3-4F7A-A6C6-47BD5A2EB6D9}.Release|Any CPU.Build.0 = Release|Any CPU
		{03E62AE2-C0F3-4F7A-A6C6-47BD5A2EB6D9}.Release|x64.ActiveCfg = Release|Any CPU
		{03E62AE2-C0F3-4F7A-A6C6-47BD5A2EB6D9}.Release|x64.Build.0 = Release|Any CPU
		{03E62AE2-C0F3-4F7A-A6C6-47BD5A2EB6D9}.Release|x86.ActiveCfg = Release|Any CPU
		{03E62AE2-C0F3-4F7A-A6C6-47BD5A2EB6D9}.Release|x86.Build.0 = Release|Any CPU
		{0BD4AEFA-F811-4094-A4B4-3D0C18DCC915}.Debug|Any CPU.ActiveCfg = Debug|Any CPU
		{0BD4AEFA-F811-4094-A4B4-3D0C18DCC915}.Debug|Any CPU.Build.0 = Debug|Any CPU
		{0BD4AEFA-F811-4094-A4B4-3D0C18DCC915}.Debug|x64.ActiveCfg = Debug|Any CPU
		{0BD4AEFA-F811-4094-A4B4-3D0C18DCC915}.Debug|x64.Build.0 = Debug|Any CPU
		{0BD4AEFA-F811-4094-A4B4-3D0C18DCC915}.Debug|x86.ActiveCfg = Debug|Any CPU
		{0BD4AEFA-F811-4094-A4B4-3D0C18DCC915}.Debug|x86.Build.0 = Debug|Any CPU
		{0BD4AEFA-F811-4094-A4B4-3D0C18DCC915}.Release|Any CPU.ActiveCfg = Release|Any CPU
		{0BD4AEFA-F811-4094-A4B4-3D0C18DCC915}.Release|Any CPU.Build.0 = Release|Any CPU
		{0BD4AEFA-F811-4094-A4B4-3D0C18DCC915}.Release|x64.ActiveCfg = Release|Any CPU
		{0BD4AEFA-F811-4094-A4B4-3D0C18DCC915}.Release|x64.Build.0 = Release|Any CPU
		{0BD4AEFA-F811-4094-A4B4-3D0C18DCC915}.Release|x86.ActiveCfg = Release|Any CPU
		{0BD4AEFA-F811-4094-A4B4-3D0C18DCC915}.Release|x86.Build.0 = Release|Any CPU
		{C3B112BE-AF98-4C79-8736-6E0D93527A99}.Debug|Any CPU.ActiveCfg = Debug|Any CPU
		{C3B112BE-AF98-4C79-8736-6E0D93527A99}.Debug|Any CPU.Build.0 = Debug|Any CPU
		{C3B112BE-AF98-4C79-8736-6E0D93527A99}.Debug|x64.ActiveCfg = Debug|Any CPU
		{C3B112BE-AF98-4C79-8736-6E0D93527A99}.Debug|x64.Build.0 = Debug|Any CPU
		{C3B112BE-AF98-4C79-8736-6E0D93527A99}.Debug|x86.ActiveCfg = Debug|Any CPU
		{C3B112BE-AF98-4C79-8736-6E0D93527A99}.Debug|x86.Build.0 = Debug|Any CPU
		{C3B112BE-AF98-4C79-8736-6E0D93527A99}.Release|Any CPU.ActiveCfg = Release|Any CPU
		{C3B112BE-AF98-4C79-8736-6E0D93527A99}.Release|Any CPU.Build.0 = Release|Any CPU
		{C3B112BE-AF98-4C79-8736-6E0D93527A99}.Release|x64.ActiveCfg = Release|Any CPU
		{C3B112BE-AF98-4C79-8736-6E0D93527A99}.Release|x64.Build.0 = Release|Any CPU
		{C3B112BE-AF98-4C79-8736-6E0D93527A99}.Release|x86.ActiveCfg = Release|Any CPU
		{C3B112BE-AF98-4C79-8736-6E0D93527A99}.Release|x86.Build.0 = Release|Any CPU
		{D1D002AB-12DA-4CAE-B95B-E95258532B5A}.Debug|Any CPU.ActiveCfg = Debug|Any CPU
		{D1D002AB-12DA-4CAE-B95B-E95258532B5A}.Debug|Any CPU.Build.0 = Debug|Any CPU
		{D1D002AB-12DA-4CAE-B95B-E95258532B5A}.Debug|x64.ActiveCfg = Debug|Any CPU
		{D1D002AB-12DA-4CAE-B95B-E95258532B5A}.Debug|x64.Build.0 = Debug|Any CPU
		{D1D002AB-12DA-4CAE-B95B-E95258532B5A}.Debug|x86.ActiveCfg = Debug|Any CPU
		{D1D002AB-12DA-4CAE-B95B-E95258532B5A}.Debug|x86.Build.0 = Debug|Any CPU
		{D1D002AB-12DA-4CAE-B95B-E95258532B5A}.Release|Any CPU.ActiveCfg = Release|Any CPU
		{D1D002AB-12DA-4CAE-B95B-E95258532B5A}.Release|Any CPU.Build.0 = Release|Any CPU
		{D1D002AB-12DA-4CAE-B95B-E95258532B5A}.Release|x64.ActiveCfg = Release|Any CPU
		{D1D002AB-12DA-4CAE-B95B-E95258532B5A}.Release|x64.Build.0 = Release|Any CPU
		{D1D002AB-12DA-4CAE-B95B-E95258532B5A}.Release|x86.ActiveCfg = Release|Any CPU
		{D1D002AB-12DA-4CAE-B95B-E95258532B5A}.Release|x86.Build.0 = Release|Any CPU
		{E2A3F2BE-0A53-4902-9681-FF4FCBA66D7D}.Debug|Any CPU.ActiveCfg = Debug|Any CPU
		{E2A3F2BE-0A53-4902-9681-FF4FCBA66D7D}.Debug|Any CPU.Build.0 = Debug|Any CPU
		{E2A3F2BE-0A53-4902-9681-FF4FCBA66D7D}.Debug|x64.ActiveCfg = Debug|Any CPU
		{E2A3F2BE-0A53-4902-9681-FF4FCBA66D7D}.Debug|x64.Build.0 = Debug|Any CPU
		{E2A3F2BE-0A53-4902-9681-FF4FCBA66D7D}.Debug|x86.ActiveCfg = Debug|Any CPU
		{E2A3F2BE-0A53-4902-9681-FF4FCBA66D7D}.Debug|x86.Build.0 = Debug|Any CPU
		{E2A3F2BE-0A53-4902-9681-FF4FCBA66D7D}.Release|Any CPU.ActiveCfg = Release|Any CPU
		{E2A3F2BE-0A53-4902-9681-FF4FCBA66D7D}.Release|Any CPU.Build.0 = Release|Any CPU
		{E2A3F2BE-0A53-4902-9681-FF4FCBA66D7D}.Release|x64.ActiveCfg = Release|Any CPU
		{E2A3F2BE-0A53-4902-9681-FF4FCBA66D7D}.Release|x64.Build.0 = Release|Any CPU
		{E2A3F2BE-0A53-4902-9681-FF4FCBA66D7D}.Release|x86.ActiveCfg = Release|Any CPU
		{E2A3F2BE-0A53-4902-9681-FF4FCBA66D7D}.Release|x86.Build.0 = Release|Any CPU
		{EE9E57C6-60C5-460E-AB0D-FFA0B820EE7C}.Debug|Any CPU.ActiveCfg = Debug|Any CPU
		{EE9E57C6-60C5-460E-AB0D-FFA0B820EE7C}.Debug|Any CPU.Build.0 = Debug|Any CPU
		{EE9E57C6-60C5-460E-AB0D-FFA0B820EE7C}.Debug|x64.ActiveCfg = Debug|Any CPU
		{EE9E57C6-60C5-460E-AB0D-FFA0B820EE7C}.Debug|x64.Build.0 = Debug|Any CPU
		{EE9E57C6-60C5-460E-AB0D-FFA0B820EE7C}.Debug|x86.ActiveCfg = Debug|Any CPU
		{EE9E57C6-60C5-460E-AB0D-FFA0B820EE7C}.Debug|x86.Build.0 = Debug|Any CPU
		{EE9E57C6-60C5-460E-AB0D-FFA0B820EE7C}.Release|Any CPU.ActiveCfg = Release|Any CPU
		{EE9E57C6-60C5-460E-AB0D-FFA0B820EE7C}.Release|Any CPU.Build.0 = Release|Any CPU
		{EE9E57C6-60C5-460E-AB0D-FFA0B820EE7C}.Release|x64.ActiveCfg = Release|Any CPU
		{EE9E57C6-60C5-460E-AB0D-FFA0B820EE7C}.Release|x64.Build.0 = Release|Any CPU
		{EE9E57C6-60C5-460E-AB0D-FFA0B820EE7C}.Release|x86.ActiveCfg = Release|Any CPU
		{EE9E57C6-60C5-460E-AB0D-FFA0B820EE7C}.Release|x86.Build.0 = Release|Any CPU
	EndGlobalSection
	GlobalSection(SolutionProperties) = preSolution
		HideSolutionNode = FALSE
	EndGlobalSection
	GlobalSection(NestedProjects) = preSolution
		{FE360695-3F2B-1049-3887-35FBB5135923} = {827E0CD3-B72D-47B6-A68D-7590B98EB39B}
		{218C710A-5306-0BC7-3CFC-7649EABD5718} = {FE360695-3F2B-1049-3887-35FBB5135923}
		{F98E777E-600D-4F44-91D2-1D99E64CC960} = {218C710A-5306-0BC7-3CFC-7649EABD5718}
		{1F27AE91-AB80-590E-03BE-DC8A6BA540DD} = {FE360695-3F2B-1049-3887-35FBB5135923}
		{5240F532-8401-4CA1-8919-6B0732471F77} = {1F27AE91-AB80-590E-03BE-DC8A6BA540DD}
		{D5ECBEB4-8C8F-4426-8FFB-78523DF7F697} = {1F27AE91-AB80-590E-03BE-DC8A6BA540DD}
		{3F260391-91F3-4FBC-8746-D9ACB29C5406} = {1F27AE91-AB80-590E-03BE-DC8A6BA540DD}
		{E2298023-C637-4728-AC81-EA32949EBB36} = {1F27AE91-AB80-590E-03BE-DC8A6BA540DD}
		{F37BFD73-F267-4D4D-9D40-F30A482CF00F} = {1F27AE91-AB80-590E-03BE-DC8A6BA540DD}
		{EA8B51A1-2815-D7EB-83DD-84035FEA831A} = {FE360695-3F2B-1049-3887-35FBB5135923}
		{96195CCB-336C-2DCD-46B6-3C313F5BEBD5} = {EA8B51A1-2815-D7EB-83DD-84035FEA831A}
		{A02DB79A-BFBB-480E-B81A-14D46F71DB5B} = {96195CCB-336C-2DCD-46B6-3C313F5BEBD5}
		{365E0361-BC9B-4584-AD38-E53C880D6365} = {96195CCB-336C-2DCD-46B6-3C313F5BEBD5}
		{92ADDECB-0692-4140-8E98-A260AAF1CD53} = {96195CCB-336C-2DCD-46B6-3C313F5BEBD5}
		{282D6BB3-5FFF-4AF4-B7C5-A9B70B06BD2A} = {96195CCB-336C-2DCD-46B6-3C313F5BEBD5}
		{7AAC126F-7D8C-0C9B-7132-49DC917E56DB} = {EA8B51A1-2815-D7EB-83DD-84035FEA831A}
		{835F2FB1-FE39-45E5-B246-D10ADCA8CB70} = {7AAC126F-7D8C-0C9B-7132-49DC917E56DB}
		{7C7377D3-7B3D-42D2-908D-690180EBDC12} = {7AAC126F-7D8C-0C9B-7132-49DC917E56DB}
		{41699FE9-20AF-4164-B1B7-16A342692232} = {7AAC126F-7D8C-0C9B-7132-49DC917E56DB}
		{E3FF0299-496F-4B74-9FEB-2FF566707967} = {7AAC126F-7D8C-0C9B-7132-49DC917E56DB}
		{23E4A77E-F79A-1C66-CC95-6E115BCA2774} = {EA8B51A1-2815-D7EB-83DD-84035FEA831A}
		{FE887DFC-A3D6-4E15-B9CD-2EAD247E9380} = {23E4A77E-F79A-1C66-CC95-6E115BCA2774}
		{A6ADC449-2214-4F27-B63D-9047630165FD} = {23E4A77E-F79A-1C66-CC95-6E115BCA2774}
		{30097E91-205C-4C3F-87D6-8FDB7569B3C3} = {23E4A77E-F79A-1C66-CC95-6E115BCA2774}
		{A671736B-F16E-48D0-A0E1-6775CA3AD2A9} = {23E4A77E-F79A-1C66-CC95-6E115BCA2774}
		{FB4841C9-4E2F-C05E-3355-DAA1ADF0040C} = {EA8B51A1-2815-D7EB-83DD-84035FEA831A}
		{74C10F33-43AF-4DC9-8761-A270C45F8B8A} = {FB4841C9-4E2F-C05E-3355-DAA1ADF0040C}
		{255F9F7A-D3C7-480A-8557-A7AA0C55F452} = {FB4841C9-4E2F-C05E-3355-DAA1ADF0040C}
		{EF6D103D-B056-408B-B73A-2ACD6E2C7CBC} = {FB4841C9-4E2F-C05E-3355-DAA1ADF0040C}
		{94CEA958-9268-484C-ACA7-807D7D1FE544} = {FB4841C9-4E2F-C05E-3355-DAA1ADF0040C}
		{73F32F50-2ADF-ADB5-817F-808075156E95} = {EA8B51A1-2815-D7EB-83DD-84035FEA831A}
		{4A8C49BC-BD81-4A22-B132-8555A6BAAC8C} = {73F32F50-2ADF-ADB5-817F-808075156E95}
		{B4F9BC4D-29BE-4326-83F7-0181B78A447A} = {73F32F50-2ADF-ADB5-817F-808075156E95}
		{0A7164B8-26D5-4FA3-A621-E0A78D4A9507} = {73F32F50-2ADF-ADB5-817F-808075156E95}
		{6D528E26-1AD9-4108-943C-FDBC756421CC} = {73F32F50-2ADF-ADB5-817F-808075156E95}
		{AFED8827-A60A-FC6C-6F58-4F3DEBB38621} = {EA8B51A1-2815-D7EB-83DD-84035FEA831A}
		{DEE4DF0B-A69D-4981-A637-5359506E2575} = {AFED8827-A60A-FC6C-6F58-4F3DEBB38621}
		{9D592FAB-EB2B-435C-AB18-B49E59F9AF90} = {AFED8827-A60A-FC6C-6F58-4F3DEBB38621}
		{A1F932E2-7E1D-40C3-A7D4-E166573868B7} = {AFED8827-A60A-FC6C-6F58-4F3DEBB38621}
		{C4388703-FE8D-4ACE-B93F-00162C2DB01F} = {AFED8827-A60A-FC6C-6F58-4F3DEBB38621}
		{1D5363C2-2E61-0D07-1A99-512C4A5D974D} = {EA8B51A1-2815-D7EB-83DD-84035FEA831A}
		{F4BE89C3-0E66-449C-9E8F-4DDA726C88CC} = {1D5363C2-2E61-0D07-1A99-512C4A5D974D}
		{38DEB245-0FB2-413A-A2C6-D585EDCB9A12} = {1D5363C2-2E61-0D07-1A99-512C4A5D974D}
		{A3D1D4CD-72AD-428E-999C-A142490129DD} = {1D5363C2-2E61-0D07-1A99-512C4A5D974D}
		{913F69EE-991B-4249-B647-49F2C9DF57BF} = {1D5363C2-2E61-0D07-1A99-512C4A5D974D}
		{55035469-D2A4-0A9A-F4DD-5399BE6BEC65} = {EA8B51A1-2815-D7EB-83DD-84035FEA831A}
		{59436FA6-73C6-4F7F-B23E-B3CC72C2F923} = {55035469-D2A4-0A9A-F4DD-5399BE6BEC65}
		{D000D510-D329-4839-A038-20083CC23277} = {55035469-D2A4-0A9A-F4DD-5399BE6BEC65}
		{EDB18CEC-B04B-4497-B1E3-649156735E57} = {55035469-D2A4-0A9A-F4DD-5399BE6BEC65}
		{58323EA3-6E3D-423A-B2A7-C0D846D767B4} = {55035469-D2A4-0A9A-F4DD-5399BE6BEC65}
		{2C9416E1-BA3A-9D9F-54F9-3ED46273630E} = {EA8B51A1-2815-D7EB-83DD-84035FEA831A}
		{6FF045FD-89A7-4FD4-B144-42DB4308F832} = {2C9416E1-BA3A-9D9F-54F9-3ED46273630E}
		{815C8C13-A6D2-403D-81CF-50B06261F016} = {2C9416E1-BA3A-9D9F-54F9-3ED46273630E}
		{0251659B-5141-4363-8269-BBECD1D145DB} = {2C9416E1-BA3A-9D9F-54F9-3ED46273630E}
		{558A40B4-B6F8-4FC0-BF0C-D1DDC59B3290} = {2C9416E1-BA3A-9D9F-54F9-3ED46273630E}
		{C03DA241-CC5F-C728-2F9A-B2E9BEC2AA1A} = {EA8B51A1-2815-D7EB-83DD-84035FEA831A}
		{BFAE88DF-1580-43BD-9813-0575D097A05A} = {C03DA241-CC5F-C728-2F9A-B2E9BEC2AA1A}
		{C68AEF12-903F-445C-8859-B99B19D695AA} = {C03DA241-CC5F-C728-2F9A-B2E9BEC2AA1A}
		{7093DF7A-8225-466A-BC40-0600107B1C9B} = {C03DA241-CC5F-C728-2F9A-B2E9BEC2AA1A}
		{B2AB2E8F-DE5C-47FC-9E7C-F108F547B5C3} = {C03DA241-CC5F-C728-2F9A-B2E9BEC2AA1A}
		{C5B4D979-32E8-0F86-F64C-EFB62EF523B9} = {EA8B51A1-2815-D7EB-83DD-84035FEA831A}
		{8A7147D7-D405-4706-A4B8-E68AF2BBBE5F} = {C5B4D979-32E8-0F86-F64C-EFB62EF523B9}
		{BA668E2D-EE54-41F6-BD5B-76698A079AE7} = {C5B4D979-32E8-0F86-F64C-EFB62EF523B9}
		{A4AC0DB5-3F96-4E83-8473-802BB28FD6A1} = {C5B4D979-32E8-0F86-F64C-EFB62EF523B9}
		{ED9D0D52-D60E-404E-98AE-036361C7EECC} = {C5B4D979-32E8-0F86-F64C-EFB62EF523B9}
		{97A5E7BF-051C-EF40-EA83-A62C673679E3} = {EA8B51A1-2815-D7EB-83DD-84035FEA831A}
		{D616EACE-7FC0-4FAE-9B11-49351BF205EB} = {97A5E7BF-051C-EF40-EA83-A62C673679E3}
		{511D67B7-6A9F-4A7B-B455-27C373B575B8} = {97A5E7BF-051C-EF40-EA83-A62C673679E3}
		{830AE1C3-153F-47A5-8C97-47D8DBB9069B} = {97A5E7BF-051C-EF40-EA83-A62C673679E3}
		{F49C4875-3D64-4D2C-8ABE-39A1CCC134BA} = {97A5E7BF-051C-EF40-EA83-A62C673679E3}
		{0AD64CF7-3F3D-8C3F-03D3-F87BF0AC35F7} = {EA8B51A1-2815-D7EB-83DD-84035FEA831A}
		{99EED0C6-AA90-4698-BE95-6BAFCB38B7B4} = {0AD64CF7-3F3D-8C3F-03D3-F87BF0AC35F7}
		{E35AB351-BA89-4993-A270-58829692E8C0} = {0AD64CF7-3F3D-8C3F-03D3-F87BF0AC35F7}
		{BC70DF05-BEFD-4385-AF87-CE2150789C66} = {0AD64CF7-3F3D-8C3F-03D3-F87BF0AC35F7}
		{4978E552-2E6B-488F-9C13-FA1A97A8873C} = {0AD64CF7-3F3D-8C3F-03D3-F87BF0AC35F7}
		{D470AC2C-C391-86DA-3519-0A92CDD13D95} = {FE360695-3F2B-1049-3887-35FBB5135923}
		{0BC8E53E-B7A5-4739-BF42-A933A3DA6E72} = {D470AC2C-C391-86DA-3519-0A92CDD13D95}
		{FF06FC67-BEB2-4064-8B50-97B195480403} = {D470AC2C-C391-86DA-3519-0A92CDD13D95}
		{03E62AE2-C0F3-4F7A-A6C6-47BD5A2EB6D9} = {D470AC2C-C391-86DA-3519-0A92CDD13D95}
		{C62EED4C-2AC9-F50F-E0BC-649CFEA98BDB} = {0AB3BF05-4346-4AA6-1389-037BE0695223}
		{0BD4AEFA-F811-4094-A4B4-3D0C18DCC915} = {C62EED4C-2AC9-F50F-E0BC-649CFEA98BDB}
		{C3B112BE-AF98-4C79-8736-6E0D93527A99} = {C62EED4C-2AC9-F50F-E0BC-649CFEA98BDB}
		{D1D002AB-12DA-4CAE-B95B-E95258532B5A} = {C62EED4C-2AC9-F50F-E0BC-649CFEA98BDB}
		{E2A3F2BE-0A53-4902-9681-FF4FCBA66D7D} = {C62EED4C-2AC9-F50F-E0BC-649CFEA98BDB}
		{EE9E57C6-60C5-460E-AB0D-FFA0B820EE7C} = {1F27AE91-AB80-590E-03BE-DC8A6BA540DD}
	EndGlobalSection
EndGlobal
